// !$*UTF8*$!
{
	archiveVersion = 1;
	classes = {
	};
	objectVersion = 50;
	objects = {

/* Begin PBXFileReference section */
		BF6BC6DB22C84F03002C96FB /* Config.xcconfig */ = {isa = PBXFileReference; fileEncoding = 4; lastKnownFileType = text.xcconfig; path = Config.xcconfig; sourceTree = SOURCE_ROOT; };
		BF6BC6DE22C8503B002C96FB /* options.rpy */ = {isa = PBXFileReference; fileEncoding = 4; lastKnownFileType = text; path = options.rpy; sourceTree = "<group>"; };
		BF6BC6DF22C8503B002C96FB /* script.rpy */ = {isa = PBXFileReference; fileEncoding = 4; lastKnownFileType = text; path = script.rpy; sourceTree = "<group>"; };
		BF6BC6E722C8503B002C96FB /* common.rpymc */ = {isa = PBXFileReference; lastKnownFileType = file; path = common.rpymc; sourceTree = "<group>"; };
		BF6BC6E822C8503B002C96FB /* common.rpym */ = {isa = PBXFileReference; fileEncoding = 4; lastKnownFileType = text; path = common.rpym; sourceTree = "<group>"; };
		BF6BC6E922C8503B002C96FB /* screens.rpy */ = {isa = PBXFileReference; fileEncoding = 4; lastKnownFileType = text; path = screens.rpy; sourceTree = "<group>"; };
		BF6BC6EF22C8503B002C96FB /* textbox.png */ = {isa = PBXFileReference; lastKnownFileType = image.png; path = textbox.png; sourceTree = "<group>"; };
		BF6BC6F022C8503B002C96FB /* nvl.png */ = {isa = PBXFileReference; lastKnownFileType = image.png; path = nvl.png; sourceTree = "<group>"; };
		BF6BC6F122C8503B002C96FB /* window_icon.png */ = {isa = PBXFileReference; lastKnownFileType = image.png; path = window_icon.png; sourceTree = "<group>"; };
		BF6BC6F322C8503B002C96FB /* horizontal_idle_bar.png */ = {isa = PBXFileReference; lastKnownFileType = image.png; path = horizontal_idle_bar.png; sourceTree = "<group>"; };
		BF6BC6F422C8503B002C96FB /* horizontal_idle_thumb.png */ = {isa = PBXFileReference; lastKnownFileType = image.png; path = horizontal_idle_thumb.png; sourceTree = "<group>"; };
		BF6BC6F522C8503B002C96FB /* vertical_hover_thumb.png */ = {isa = PBXFileReference; lastKnownFileType = image.png; path = vertical_hover_thumb.png; sourceTree = "<group>"; };
		BF6BC6F622C8503B002C96FB /* vertical_hover_bar.png */ = {isa = PBXFileReference; lastKnownFileType = image.png; path = vertical_hover_bar.png; sourceTree = "<group>"; };
		BF6BC6F722C8503B002C96FB /* horizontal_hover_bar.png */ = {isa = PBXFileReference; lastKnownFileType = image.png; path = horizontal_hover_bar.png; sourceTree = "<group>"; };
		BF6BC6F822C8503B002C96FB /* vertical_idle_thumb.png */ = {isa = PBXFileReference; lastKnownFileType = image.png; path = vertical_idle_thumb.png; sourceTree = "<group>"; };
		BF6BC6F922C8503B002C96FB /* horizontal_hover_thumb.png */ = {isa = PBXFileReference; lastKnownFileType = image.png; path = horizontal_hover_thumb.png; sourceTree = "<group>"; };
		BF6BC6FA22C8503B002C96FB /* vertical_idle_bar.png */ = {isa = PBXFileReference; lastKnownFileType = image.png; path = vertical_idle_bar.png; sourceTree = "<group>"; };
		BF6BC6FB22C8503B002C96FB /* game_menu.png */ = {isa = PBXFileReference; lastKnownFileType = image.png; path = game_menu.png; sourceTree = "<group>"; };
		BF6BC6FC22C8503B002C96FB /* skip.png */ = {isa = PBXFileReference; lastKnownFileType = image.png; path = skip.png; sourceTree = "<group>"; };
		BF6BC6FE22C8503B002C96FB /* radio_selected_foreground.png */ = {isa = PBXFileReference; lastKnownFileType = image.png; path = radio_selected_foreground.png; sourceTree = "<group>"; };
		BF6BC6FF22C8503B002C96FB /* check_selected_foreground.png */ = {isa = PBXFileReference; lastKnownFileType = image.png; path = check_selected_foreground.png; sourceTree = "<group>"; };
		BF6BC70022C8503B002C96FB /* check_foreground.png */ = {isa = PBXFileReference; lastKnownFileType = image.png; path = check_foreground.png; sourceTree = "<group>"; };
		BF6BC70122C8503B002C96FB /* quick_idle_background.png */ = {isa = PBXFileReference; lastKnownFileType = image.png; path = quick_idle_background.png; sourceTree = "<group>"; };
		BF6BC70222C8503B002C96FB /* radio_foreground.png */ = {isa = PBXFileReference; lastKnownFileType = image.png; path = radio_foreground.png; sourceTree = "<group>"; };
		BF6BC70322C8503B002C96FB /* idle_background.png */ = {isa = PBXFileReference; lastKnownFileType = image.png; path = idle_background.png; sourceTree = "<group>"; };
		BF6BC70422C8503B002C96FB /* hover_background.png */ = {isa = PBXFileReference; lastKnownFileType = image.png; path = hover_background.png; sourceTree = "<group>"; };
		BF6BC70522C8503B002C96FB /* quick_hover_background.png */ = {isa = PBXFileReference; lastKnownFileType = image.png; path = quick_hover_background.png; sourceTree = "<group>"; };
		BF6BC70622C8503B002C96FB /* slot_idle_background.png */ = {isa = PBXFileReference; lastKnownFileType = image.png; path = slot_idle_background.png; sourceTree = "<group>"; };
		BF6BC70722C8503B002C96FB /* choice_idle_background.png */ = {isa = PBXFileReference; lastKnownFileType = image.png; path = choice_idle_background.png; sourceTree = "<group>"; };
		BF6BC70822C8503B002C96FB /* slot_hover_background.png */ = {isa = PBXFileReference; lastKnownFileType = image.png; path = slot_hover_background.png; sourceTree = "<group>"; };
		BF6BC70922C8503B002C96FB /* choice_hover_background.png */ = {isa = PBXFileReference; lastKnownFileType = image.png; path = choice_hover_background.png; sourceTree = "<group>"; };
		BF6BC70A22C8503B002C96FB /* notify.png */ = {isa = PBXFileReference; lastKnownFileType = image.png; path = notify.png; sourceTree = "<group>"; };
		BF6BC70B22C8503B002C96FB /* namebox.png */ = {isa = PBXFileReference; lastKnownFileType = image.png; path = namebox.png; sourceTree = "<group>"; };
		BF6BC70C22C8503B002C96FB /* main_menu.png */ = {isa = PBXFileReference; lastKnownFileType = image.png; path = main_menu.png; sourceTree = "<group>"; };
		BF6BC70E22C8503B002C96FB /* textbox.png */ = {isa = PBXFileReference; lastKnownFileType = image.png; path = textbox.png; sourceTree = "<group>"; };
		BF6BC70F22C8503B002C96FB /* nvl.png */ = {isa = PBXFileReference; lastKnownFileType = image.png; path = nvl.png; sourceTree = "<group>"; };
		BF6BC71122C8503B002C96FB /* game_menu.png */ = {isa = PBXFileReference; lastKnownFileType = image.png; path = game_menu.png; sourceTree = "<group>"; };
		BF6BC71222C8503B002C96FB /* main_menu.png */ = {isa = PBXFileReference; lastKnownFileType = image.png; path = main_menu.png; sourceTree = "<group>"; };
		BF6BC71322C8503B002C96FB /* frame.png */ = {isa = PBXFileReference; lastKnownFileType = image.png; path = frame.png; sourceTree = "<group>"; };
		BF6BC71522C8503B002C96FB /* bottom.png */ = {isa = PBXFileReference; lastKnownFileType = image.png; path = bottom.png; sourceTree = "<group>"; };
		BF6BC71622C8503B002C96FB /* left.png */ = {isa = PBXFileReference; lastKnownFileType = image.png; path = left.png; sourceTree = "<group>"; };
		BF6BC71722C8503B002C96FB /* top.png */ = {isa = PBXFileReference; lastKnownFileType = image.png; path = top.png; sourceTree = "<group>"; };
		BF6BC71822C8503B002C96FB /* right.png */ = {isa = PBXFileReference; lastKnownFileType = image.png; path = right.png; sourceTree = "<group>"; };
		BF6BC71A22C8503B002C96FB /* game_menu.png */ = {isa = PBXFileReference; lastKnownFileType = image.png; path = game_menu.png; sourceTree = "<group>"; };
		BF6BC71B22C8503B002C96FB /* confirm.png */ = {isa = PBXFileReference; lastKnownFileType = image.png; path = confirm.png; sourceTree = "<group>"; };
		BF6BC71C22C8503B002C96FB /* main_menu.png */ = {isa = PBXFileReference; lastKnownFileType = image.png; path = main_menu.png; sourceTree = "<group>"; };
		BF6BC71E22C8503B002C96FB /* horizontal_idle_bar.png */ = {isa = PBXFileReference; lastKnownFileType = image.png; path = horizontal_idle_bar.png; sourceTree = "<group>"; };
		BF6BC71F22C8503B002C96FB /* horizontal_idle_thumb.png */ = {isa = PBXFileReference; lastKnownFileType = image.png; path = horizontal_idle_thumb.png; sourceTree = "<group>"; };
		BF6BC72022C8503B002C96FB /* vertical_hover_thumb.png */ = {isa = PBXFileReference; lastKnownFileType = image.png; path = vertical_hover_thumb.png; sourceTree = "<group>"; };
		BF6BC72122C8503B002C96FB /* vertical_hover_bar.png */ = {isa = PBXFileReference; lastKnownFileType = image.png; path = vertical_hover_bar.png; sourceTree = "<group>"; };
		BF6BC72222C8503B002C96FB /* horizontal_hover_bar.png */ = {isa = PBXFileReference; lastKnownFileType = image.png; path = horizontal_hover_bar.png; sourceTree = "<group>"; };
		BF6BC72322C8503B002C96FB /* vertical_idle_thumb.png */ = {isa = PBXFileReference; lastKnownFileType = image.png; path = vertical_idle_thumb.png; sourceTree = "<group>"; };
		BF6BC72422C8503B002C96FB /* horizontal_hover_thumb.png */ = {isa = PBXFileReference; lastKnownFileType = image.png; path = horizontal_hover_thumb.png; sourceTree = "<group>"; };
		BF6BC72522C8503B002C96FB /* vertical_idle_bar.png */ = {isa = PBXFileReference; lastKnownFileType = image.png; path = vertical_idle_bar.png; sourceTree = "<group>"; };
		BF6BC72822C8503B002C96FB /* gui.rpy */ = {isa = PBXFileReference; fileEncoding = 4; lastKnownFileType = text; path = gui.rpy; sourceTree = "<group>"; };
		BF86C18E22C90D7300FD10E4 /* README.md */ = {isa = PBXFileReference; fileEncoding = 4; lastKnownFileType = net.daringfireball.markdown; path = README.md; sourceTree = "<group>"; };
		BF86C19622C90EDA00FD10E4 /* ASNotificationBanner.rpy */ = {isa = PBXFileReference; lastKnownFileType = text; path = ASNotificationBanner.rpy; sourceTree = "<group>"; };
		BF86C19822C910F100FD10E4 /* bannerBackground.png */ = {isa = PBXFileReference; lastKnownFileType = image.png; path = bannerBackground.png; sourceTree = "<group>"; };
		BF86C19922C9110900FD10E4 /* ASNotificationStyles.rpy */ = {isa = PBXFileReference; lastKnownFileType = text; path = ASNotificationStyles.rpy; sourceTree = "<group>"; };
		BF86C19A22C9117D00FD10E4 /* ASDefinitions.rpy */ = {isa = PBXFileReference; lastKnownFileType = text; path = ASDefinitions.rpy; sourceTree = "<group>"; };
		BF86C19C22C9164900FD10E4 /* LightItalic.ttf */ = {isa = PBXFileReference; lastKnownFileType = file; path = LightItalic.ttf; sourceTree = "<group>"; };
		BF86C19D22C9164900FD10E4 /* ExtraBold.ttf */ = {isa = PBXFileReference; lastKnownFileType = file; path = ExtraBold.ttf; sourceTree = "<group>"; };
		BF86C19E22C9164900FD10E4 /* Regular.ttf */ = {isa = PBXFileReference; lastKnownFileType = file; path = Regular.ttf; sourceTree = "<group>"; };
		BF86C19F22C9164900FD10E4 /* BlackItalic.ttf */ = {isa = PBXFileReference; lastKnownFileType = file; path = BlackItalic.ttf; sourceTree = "<group>"; };
		BF86C1A022C9164900FD10E4 /* OFL.txt */ = {isa = PBXFileReference; fileEncoding = 4; lastKnownFileType = text; path = OFL.txt; sourceTree = "<group>"; };
		BF86C1A122C9164900FD10E4 /* Bold.ttf */ = {isa = PBXFileReference; lastKnownFileType = file; path = Bold.ttf; sourceTree = "<group>"; };
		BF86C1A222C9164900FD10E4 /* BoldItalic.ttf */ = {isa = PBXFileReference; lastKnownFileType = file; path = BoldItalic.ttf; sourceTree = "<group>"; };
		BF86C1A322C9164900FD10E4 /* ExtraBoldItalic.ttf */ = {isa = PBXFileReference; lastKnownFileType = file; path = ExtraBoldItalic.ttf; sourceTree = "<group>"; };
		BF86C1A422C9164900FD10E4 /* Black.ttf */ = {isa = PBXFileReference; lastKnownFileType = file; path = Black.ttf; sourceTree = "<group>"; };
		BF86C1A522C9164A00FD10E4 /* Light.ttf */ = {isa = PBXFileReference; lastKnownFileType = file; path = Light.ttf; sourceTree = "<group>"; };
		BF86C1A622C9164A00FD10E4 /* Thin.ttf */ = {isa = PBXFileReference; lastKnownFileType = file; path = Thin.ttf; sourceTree = "<group>"; };
		BF86C1A722C9164A00FD10E4 /* Italic.ttf */ = {isa = PBXFileReference; lastKnownFileType = file; path = Italic.ttf; sourceTree = "<group>"; };
		BF86C1A822C9164A00FD10E4 /* Medium.ttf */ = {isa = PBXFileReference; lastKnownFileType = file; path = Medium.ttf; sourceTree = "<group>"; };
		BF86C1A922C9164A00FD10E4 /* MediumItalic.ttf */ = {isa = PBXFileReference; lastKnownFileType = file; path = MediumItalic.ttf; sourceTree = "<group>"; };
		BF86C1AA22C9164A00FD10E4 /* ThinItalic.ttf */ = {isa = PBXFileReference; lastKnownFileType = file; path = ThinItalic.ttf; sourceTree = "<group>"; };
		BF86C1AB22C916BF00FD10E4 /* ASFonts.rpy */ = {isa = PBXFileReference; lastKnownFileType = text; path = ASFonts.rpy; sourceTree = "<group>"; };
		BF86C1AD22C91B5A00FD10E4 /* ASAppRepresentative.rpy */ = {isa = PBXFileReference; lastKnownFileType = text; path = ASAppRepresentative.rpy; sourceTree = "<group>"; };
		BFF52C8A22C97062005F37B0 /* ASPermissionRequest.rpy */ = {isa = PBXFileReference; lastKnownFileType = text; path = ASPermissionRequest.rpy; sourceTree = "<group>"; };
		BFF52C8C22C97C1F005F37B0 /* ASPermissionRequestStyles.rpy */ = {isa = PBXFileReference; lastKnownFileType = text; path = ASPermissionRequestStyles.rpy; sourceTree = "<group>"; };
		BFF52C8F22C9931A005F37B0 /* Messages.rpy */ = {isa = PBXFileReference; lastKnownFileType = text; path = Messages.rpy; sourceTree = "<group>"; };
		BFF52C9222C99584005F37B0 /* 128.png */ = {isa = PBXFileReference; lastKnownFileType = image.png; path = 128.png; sourceTree = "<group>"; };
		BFF52C9322C99584005F37B0 /* 64.png */ = {isa = PBXFileReference; lastKnownFileType = image.png; path = 64.png; sourceTree = "<group>"; };
		BFF52C9422C99584005F37B0 /* 48.png */ = {isa = PBXFileReference; lastKnownFileType = image.png; path = 48.png; sourceTree = "<group>"; };
		BFF52C9522C99584005F37B0 /* 24.png */ = {isa = PBXFileReference; lastKnownFileType = image.png; path = 24.png; sourceTree = "<group>"; };
		BFF52C9622C99584005F37B0 /* 32.png */ = {isa = PBXFileReference; lastKnownFileType = image.png; path = 32.png; sourceTree = "<group>"; };
		BFF52C9722C99584005F37B0 /* 16.png */ = {isa = PBXFileReference; lastKnownFileType = image.png; path = 16.png; sourceTree = "<group>"; };
		BFF52C9822C99584005F37B0 /* 256.png */ = {isa = PBXFileReference; lastKnownFileType = image.png; path = 256.png; sourceTree = "<group>"; };
		BFF52C9A22CA61BC005F37B0 /* project_header.png */ = {isa = PBXFileReference; lastKnownFileType = image.png; path = project_header.png; sourceTree = "<group>"; };
		BFF52C9C22CA6AE0005F37B0 /* setup.sh */ = {isa = PBXFileReference; fileEncoding = 4; lastKnownFileType = text.script.sh; path = setup.sh; sourceTree = "<group>"; };
		BFF52C9D22CA6AE0005F37B0 /* inject_version.sh */ = {isa = PBXFileReference; fileEncoding = 4; lastKnownFileType = text.script.sh; path = inject_version.sh; sourceTree = "<group>"; };
		BFF52C9E22CA6AEB005F37B0 /* .travis.yml */ = {isa = PBXFileReference; fileEncoding = 4; lastKnownFileType = text; path = .travis.yml; sourceTree = "<group>"; };
/* End PBXFileReference section */

/* Begin PBXGroup section */
		BF48420322C84EBE00850E05 = {
			isa = PBXGroup;
			children = (
				BFF52C9E22CA6AEB005F37B0 /* .travis.yml */,
				BFF52C9B22CA6AE0005F37B0 /* travis */,
				BFF52C9922CA61BC005F37B0 /* repo_assets */,
				BF86C18E22C90D7300FD10E4 /* README.md */,
				BF6BC6DC22C8503B002C96FB /* game */,
				BF6BC6DB22C84F03002C96FB /* Config.xcconfig */,
			);
			sourceTree = "<group>";
		};
		BF6BC6DC22C8503B002C96FB /* game */ = {
			isa = PBXGroup;
			children = (
				BF86C19022C90DD200FD10E4 /* AliceOS */,
				BF6BC72922C8504D002C96FB /* Ren'Py Base */,
			);
			path = game;
			sourceTree = "<group>";
		};
		BF6BC6E422C8503B002C96FB /* images */ = {
			isa = PBXGroup;
			children = (
			);
			path = images;
			sourceTree = "<group>";
		};
		BF6BC6E522C8503B002C96FB /* tl */ = {
			isa = PBXGroup;
			children = (
				BF6BC6E622C8503B002C96FB /* None */,
			);
			path = tl;
			sourceTree = "<group>";
		};
		BF6BC6E622C8503B002C96FB /* None */ = {
			isa = PBXGroup;
			children = (
				BF6BC6E722C8503B002C96FB /* common.rpymc */,
				BF6BC6E822C8503B002C96FB /* common.rpym */,
			);
			path = None;
			sourceTree = "<group>";
		};
		BF6BC6EE22C8503B002C96FB /* gui */ = {
			isa = PBXGroup;
			children = (
				BF6BC6EF22C8503B002C96FB /* textbox.png */,
				BF6BC6F022C8503B002C96FB /* nvl.png */,
				BF6BC6F122C8503B002C96FB /* window_icon.png */,
				BF6BC6F222C8503B002C96FB /* slider */,
				BF6BC6FB22C8503B002C96FB /* game_menu.png */,
				BF6BC6FC22C8503B002C96FB /* skip.png */,
				BF6BC6FD22C8503B002C96FB /* button */,
				BF6BC70A22C8503B002C96FB /* notify.png */,
				BF6BC70B22C8503B002C96FB /* namebox.png */,
				BF6BC70C22C8503B002C96FB /* main_menu.png */,
				BF6BC70D22C8503B002C96FB /* phone */,
				BF6BC71322C8503B002C96FB /* frame.png */,
				BF6BC71422C8503B002C96FB /* bar */,
				BF6BC71922C8503B002C96FB /* overlay */,
				BF6BC71D22C8503B002C96FB /* scrollbar */,
			);
			path = gui;
			sourceTree = "<group>";
		};
		BF6BC6F222C8503B002C96FB /* slider */ = {
			isa = PBXGroup;
			children = (
				BF6BC6F322C8503B002C96FB /* horizontal_idle_bar.png */,
				BF6BC6F422C8503B002C96FB /* horizontal_idle_thumb.png */,
				BF6BC6F522C8503B002C96FB /* vertical_hover_thumb.png */,
				BF6BC6F622C8503B002C96FB /* vertical_hover_bar.png */,
				BF6BC6F722C8503B002C96FB /* horizontal_hover_bar.png */,
				BF6BC6F822C8503B002C96FB /* vertical_idle_thumb.png */,
				BF6BC6F922C8503B002C96FB /* horizontal_hover_thumb.png */,
				BF6BC6FA22C8503B002C96FB /* vertical_idle_bar.png */,
			);
			path = slider;
			sourceTree = "<group>";
		};
		BF6BC6FD22C8503B002C96FB /* button */ = {
			isa = PBXGroup;
			children = (
				BF6BC6FE22C8503B002C96FB /* radio_selected_foreground.png */,
				BF6BC6FF22C8503B002C96FB /* check_selected_foreground.png */,
				BF6BC70022C8503B002C96FB /* check_foreground.png */,
				BF6BC70122C8503B002C96FB /* quick_idle_background.png */,
				BF6BC70222C8503B002C96FB /* radio_foreground.png */,
				BF6BC70322C8503B002C96FB /* idle_background.png */,
				BF6BC70422C8503B002C96FB /* hover_background.png */,
				BF6BC70522C8503B002C96FB /* quick_hover_background.png */,
				BF6BC70622C8503B002C96FB /* slot_idle_background.png */,
				BF6BC70722C8503B002C96FB /* choice_idle_background.png */,
				BF6BC70822C8503B002C96FB /* slot_hover_background.png */,
				BF6BC70922C8503B002C96FB /* choice_hover_background.png */,
			);
			path = button;
			sourceTree = "<group>";
		};
		BF6BC70D22C8503B002C96FB /* phone */ = {
			isa = PBXGroup;
			children = (
				BF6BC70E22C8503B002C96FB /* textbox.png */,
				BF6BC70F22C8503B002C96FB /* nvl.png */,
				BF6BC71022C8503B002C96FB /* overlay */,
			);
			path = phone;
			sourceTree = "<group>";
		};
		BF6BC71022C8503B002C96FB /* overlay */ = {
			isa = PBXGroup;
			children = (
				BF6BC71122C8503B002C96FB /* game_menu.png */,
				BF6BC71222C8503B002C96FB /* main_menu.png */,
			);
			path = overlay;
			sourceTree = "<group>";
		};
		BF6BC71422C8503B002C96FB /* bar */ = {
			isa = PBXGroup;
			children = (
				BF6BC71522C8503B002C96FB /* bottom.png */,
				BF6BC71622C8503B002C96FB /* left.png */,
				BF6BC71722C8503B002C96FB /* top.png */,
				BF6BC71822C8503B002C96FB /* right.png */,
			);
			path = bar;
			sourceTree = "<group>";
		};
		BF6BC71922C8503B002C96FB /* overlay */ = {
			isa = PBXGroup;
			children = (
				BF6BC71A22C8503B002C96FB /* game_menu.png */,
				BF6BC71B22C8503B002C96FB /* confirm.png */,
				BF6BC71C22C8503B002C96FB /* main_menu.png */,
			);
			path = overlay;
			sourceTree = "<group>";
		};
		BF6BC71D22C8503B002C96FB /* scrollbar */ = {
			isa = PBXGroup;
			children = (
				BF6BC71E22C8503B002C96FB /* horizontal_idle_bar.png */,
				BF6BC71F22C8503B002C96FB /* horizontal_idle_thumb.png */,
				BF6BC72022C8503B002C96FB /* vertical_hover_thumb.png */,
				BF6BC72122C8503B002C96FB /* vertical_hover_bar.png */,
				BF6BC72222C8503B002C96FB /* horizontal_hover_bar.png */,
				BF6BC72322C8503B002C96FB /* vertical_idle_thumb.png */,
				BF6BC72422C8503B002C96FB /* horizontal_hover_thumb.png */,
				BF6BC72522C8503B002C96FB /* vertical_idle_bar.png */,
			);
			path = scrollbar;
			sourceTree = "<group>";
		};
		BF6BC72922C8504D002C96FB /* Ren'Py Base */ = {
			isa = PBXGroup;
			children = (
				BF6BC6DE22C8503B002C96FB /* options.rpy */,
				BF6BC6DF22C8503B002C96FB /* script.rpy */,
				BF6BC6E422C8503B002C96FB /* images */,
				BF6BC6E522C8503B002C96FB /* tl */,
				BF6BC6E922C8503B002C96FB /* screens.rpy */,
				BF6BC6EE22C8503B002C96FB /* gui */,
				BF6BC72822C8503B002C96FB /* gui.rpy */,
			);
			name = "Ren'Py Base";
			sourceTree = "<group>";
		};
		BF86C19022C90DD200FD10E4 /* AliceOS */ = {
			isa = PBXGroup;
			children = (
				BF86C19322C90E3500FD10E4 /* System */,
			);
			name = AliceOS;
			sourceTree = "<group>";
		};
		BF86C19322C90E3500FD10E4 /* System */ = {
			isa = PBXGroup;
			children = (
				BFF52C8D22C991C5005F37B0 /* Applications */,
				BF86C19B22C915DC00FD10E4 /* Fonts */,
				BF86C19422C90E3500FD10E4 /* Frameworks */,
				BF86C19A22C9117D00FD10E4 /* ASDefinitions.rpy */,
				BF86C1AB22C916BF00FD10E4 /* ASFonts.rpy */,
			);
			path = System;
			sourceTree = "<group>";
		};
		BF86C19422C90E3500FD10E4 /* Frameworks */ = {
			isa = PBXGroup;
			children = (
				BF86C1AC22C91B2300FD10E4 /* AppKit.aosframework */,
				BF86C19522C90E3500FD10E4 /* NotificationKit.aosframework */,
			);
			path = Frameworks;
			sourceTree = "<group>";
		};
		BF86C19522C90E3500FD10E4 /* NotificationKit.aosframework */ = {
			isa = PBXGroup;
			children = (
				BF86C19722C9108F00FD10E4 /* Resources */,
				BF86C19622C90EDA00FD10E4 /* ASNotificationBanner.rpy */,
				BF86C19922C9110900FD10E4 /* ASNotificationStyles.rpy */,
			);
			path = NotificationKit.aosframework;
			sourceTree = "<group>";
		};
		BF86C19722C9108F00FD10E4 /* Resources */ = {
			isa = PBXGroup;
			children = (
				BF86C19822C910F100FD10E4 /* bannerBackground.png */,
			);
			path = Resources;
			sourceTree = "<group>";
		};
		BF86C19B22C915DC00FD10E4 /* Fonts */ = {
			isa = PBXGroup;
			children = (
				BF86C1A422C9164900FD10E4 /* Black.ttf */,
				BF86C19F22C9164900FD10E4 /* BlackItalic.ttf */,
				BF86C1A122C9164900FD10E4 /* Bold.ttf */,
				BF86C1A222C9164900FD10E4 /* BoldItalic.ttf */,
				BF86C19D22C9164900FD10E4 /* ExtraBold.ttf */,
				BF86C1A322C9164900FD10E4 /* ExtraBoldItalic.ttf */,
				BF86C1A722C9164A00FD10E4 /* Italic.ttf */,
				BF86C1A522C9164A00FD10E4 /* Light.ttf */,
				BF86C19C22C9164900FD10E4 /* LightItalic.ttf */,
				BF86C1A822C9164A00FD10E4 /* Medium.ttf */,
				BF86C1A922C9164A00FD10E4 /* MediumItalic.ttf */,
				BF86C1A022C9164900FD10E4 /* OFL.txt */,
				BF86C19E22C9164900FD10E4 /* Regular.ttf */,
				BF86C1A622C9164A00FD10E4 /* Thin.ttf */,
				BF86C1AA22C9164A00FD10E4 /* ThinItalic.ttf */,
			);
			path = Fonts;
			sourceTree = "<group>";
		};
		BF86C1AC22C91B2300FD10E4 /* AppKit.aosframework */ = {
			isa = PBXGroup;
			children = (
				BFF52C8B22C97931005F37B0 /* Resources */,
				BF86C1AD22C91B5A00FD10E4 /* ASAppRepresentative.rpy */,
				BFF52C8A22C97062005F37B0 /* ASPermissionRequest.rpy */,
				BFF52C8C22C97C1F005F37B0 /* ASPermissionRequestStyles.rpy */,
			);
			path = AppKit.aosframework;
			sourceTree = "<group>";
		};
		BFF52C8B22C97931005F37B0 /* Resources */ = {
			isa = PBXGroup;
			children = (
			);
			path = Resources;
			sourceTree = "<group>";
		};
		BFF52C8D22C991C5005F37B0 /* Applications */ = {
			isa = PBXGroup;
			children = (
				BFF52C8E22C992F9005F37B0 /* Messages.aosapp */,
			);
			path = Applications;
			sourceTree = "<group>";
		};
		BFF52C8E22C992F9005F37B0 /* Messages.aosapp */ = {
			isa = PBXGroup;
			children = (
				BFF52C9022C99474005F37B0 /* Resources */,
				BFF52C8F22C9931A005F37B0 /* Messages.rpy */,
			);
			path = Messages.aosapp;
			sourceTree = "<group>";
		};
		BFF52C9022C99474005F37B0 /* Resources */ = {
			isa = PBXGroup;
			children = (
				BFF52C9122C9947B005F37B0 /* Iconset */,
			);
			path = Resources;
			sourceTree = "<group>";
		};
		BFF52C9122C9947B005F37B0 /* Iconset */ = {
			isa = PBXGroup;
			children = (
				BFF52C9722C99584005F37B0 /* 16.png */,
				BFF52C9522C99584005F37B0 /* 24.png */,
				BFF52C9622C99584005F37B0 /* 32.png */,
				BFF52C9422C99584005F37B0 /* 48.png */,
				BFF52C9322C99584005F37B0 /* 64.png */,
				BFF52C9222C99584005F37B0 /* 128.png */,
				BFF52C9822C99584005F37B0 /* 256.png */,
			);
			path = Iconset;
			sourceTree = "<group>";
		};
		BFF52C9922CA61BC005F37B0 /* repo_assets */ = {
			isa = PBXGroup;
			children = (
				BFF52C9A22CA61BC005F37B0 /* project_header.png */,
			);
			path = repo_assets;
			sourceTree = "<group>";
		};
		BFF52C9B22CA6AE0005F37B0 /* travis */ = {
			isa = PBXGroup;
			children = (
				BFF52C9C22CA6AE0005F37B0 /* setup.sh */,
				BFF52C9D22CA6AE0005F37B0 /* inject_version.sh */,
			);
			path = travis;
			sourceTree = "<group>";
		};
/* End PBXGroup section */

/* Begin PBXLegacyTarget section */
		BF48420822C84EBE00850E05 /* AliceOS */ = {
			isa = PBXLegacyTarget;
			buildArgumentsString = "$(BUILD_ACTION)";
			buildConfigurationList = BF48420B22C84EBE00850E05 /* Build configuration list for PBXLegacyTarget "AliceOS" */;
			buildPhases = (
			);
			buildToolPath = "/Users/marquiskurt/Applications/renpy-6.99.12.4-sdk/renpy.sh";
			buildWorkingDirectory = "";
			dependencies = (
			);
			name = AliceOS;
			passBuildSettingsInEnvironment = 1;
			productName = AliceOS;
		};
/* End PBXLegacyTarget section */

/* Begin PBXProject section */
		BF48420422C84EBE00850E05 /* Project object */ = {
			isa = PBXProject;
			attributes = {
				LastUpgradeCheck = 1100;
				ORGANIZATIONNAME = ProjectAliceDev;
				TargetAttributes = {
					BF48420822C84EBE00850E05 = {
						CreatedOnToolsVersion = 11.0;
					};
				};
			};
			buildConfigurationList = BF48420722C84EBE00850E05 /* Build configuration list for PBXProject "AliceOS" */;
			compatibilityVersion = "Xcode 9.3";
			developmentRegion = en;
			hasScannedForEncodings = 0;
			knownRegions = (
				en,
				Base,
			);
			mainGroup = BF48420322C84EBE00850E05;
			projectDirPath = "";
			projectRoot = "";
			targets = (
				BF48420822C84EBE00850E05 /* AliceOS */,
			);
		};
/* End PBXProject section */

/* Begin XCBuildConfiguration section */
		BF48420922C84EBE00850E05 /* Debug */ = {
			isa = XCBuildConfiguration;
			baseConfigurationReference = BF6BC6DB22C84F03002C96FB /* Config.xcconfig */;
			buildSettings = {
				ALWAYS_SEARCH_USER_PATHS = NO;
				CLANG_ANALYZER_NONNULL = YES;
				CLANG_ANALYZER_NUMBER_OBJECT_CONVERSION = YES_AGGRESSIVE;
				CLANG_CXX_LANGUAGE_STANDARD = "gnu++14";
				CLANG_CXX_LIBRARY = "libc++";
				CLANG_ENABLE_MODULES = YES;
				CLANG_ENABLE_OBJC_ARC = YES;
				CLANG_ENABLE_OBJC_WEAK = YES;
				CLANG_WARN_BLOCK_CAPTURE_AUTORELEASING = YES;
				CLANG_WARN_BOOL_CONVERSION = YES;
				CLANG_WARN_COMMA = YES;
				CLANG_WARN_CONSTANT_CONVERSION = YES;
				CLANG_WARN_DEPRECATED_OBJC_IMPLEMENTATIONS = YES;
				CLANG_WARN_DIRECT_OBJC_ISA_USAGE = YES_ERROR;
				CLANG_WARN_DOCUMENTATION_COMMENTS = YES;
				CLANG_WARN_EMPTY_BODY = YES;
				CLANG_WARN_ENUM_CONVERSION = YES;
				CLANG_WARN_INFINITE_RECURSION = YES;
				CLANG_WARN_INT_CONVERSION = YES;
				CLANG_WARN_NON_LITERAL_NULL_CONVERSION = YES;
				CLANG_WARN_OBJC_IMPLICIT_RETAIN_SELF = YES;
				CLANG_WARN_OBJC_LITERAL_CONVERSION = YES;
				CLANG_WARN_OBJC_ROOT_CLASS = YES_ERROR;
				CLANG_WARN_RANGE_LOOP_ANALYSIS = YES;
				CLANG_WARN_STRICT_PROTOTYPES = YES;
				CLANG_WARN_SUSPICIOUS_MOVE = YES;
				CLANG_WARN_UNGUARDED_AVAILABILITY = YES_AGGRESSIVE;
				CLANG_WARN_UNREACHABLE_CODE = YES;
				CLANG_WARN__DUPLICATE_METHOD_MATCH = YES;
				COPY_PHASE_STRIP = NO;
				DEBUG_INFORMATION_FORMAT = dwarf;
				ENABLE_STRICT_OBJC_MSGSEND = YES;
				ENABLE_TESTABILITY = YES;
				GCC_C_LANGUAGE_STANDARD = gnu11;
				GCC_DYNAMIC_NO_PIC = NO;
				GCC_NO_COMMON_BLOCKS = YES;
				GCC_OPTIMIZATION_LEVEL = 0;
				GCC_PREPROCESSOR_DEFINITIONS = (
					"DEBUG=1",
					"$(inherited)",
				);
				GCC_WARN_64_TO_32_BIT_CONVERSION = YES;
				GCC_WARN_ABOUT_RETURN_TYPE = YES_ERROR;
				GCC_WARN_UNDECLARED_SELECTOR = YES;
				GCC_WARN_UNINITIALIZED_AUTOS = YES_AGGRESSIVE;
				GCC_WARN_UNUSED_FUNCTION = YES;
				GCC_WARN_UNUSED_VARIABLE = YES;
				MTL_ENABLE_DEBUG_INFO = INCLUDE_SOURCE;
				MTL_FAST_MATH = YES;
				ONLY_ACTIVE_ARCH = YES;
			};
			name = Debug;
		};
		BF48420A22C84EBE00850E05 /* Release */ = {
			isa = XCBuildConfiguration;
			baseConfigurationReference = BF6BC6DB22C84F03002C96FB /* Config.xcconfig */;
			buildSettings = {
				ALWAYS_SEARCH_USER_PATHS = NO;
				CLANG_ANALYZER_NONNULL = YES;
				CLANG_ANALYZER_NUMBER_OBJECT_CONVERSION = YES_AGGRESSIVE;
				CLANG_CXX_LANGUAGE_STANDARD = "gnu++14";
				CLANG_CXX_LIBRARY = "libc++";
				CLANG_ENABLE_MODULES = YES;
				CLANG_ENABLE_OBJC_ARC = YES;
				CLANG_ENABLE_OBJC_WEAK = YES;
				CLANG_WARN_BLOCK_CAPTURE_AUTORELEASING = YES;
				CLANG_WARN_BOOL_CONVERSION = YES;
				CLANG_WARN_COMMA = YES;
				CLANG_WARN_CONSTANT_CONVERSION = YES;
				CLANG_WARN_DEPRECATED_OBJC_IMPLEMENTATIONS = YES;
				CLANG_WARN_DIRECT_OBJC_ISA_USAGE = YES_ERROR;
				CLANG_WARN_DOCUMENTATION_COMMENTS = YES;
				CLANG_WARN_EMPTY_BODY = YES;
				CLANG_WARN_ENUM_CONVERSION = YES;
				CLANG_WARN_INFINITE_RECURSION = YES;
				CLANG_WARN_INT_CONVERSION = YES;
				CLANG_WARN_NON_LITERAL_NULL_CONVERSION = YES;
				CLANG_WARN_OBJC_IMPLICIT_RETAIN_SELF = YES;
				CLANG_WARN_OBJC_LITERAL_CONVERSION = YES;
				CLANG_WARN_OBJC_ROOT_CLASS = YES_ERROR;
				CLANG_WARN_RANGE_LOOP_ANALYSIS = YES;
				CLANG_WARN_STRICT_PROTOTYPES = YES;
				CLANG_WARN_SUSPICIOUS_MOVE = YES;
				CLANG_WARN_UNGUARDED_AVAILABILITY = YES_AGGRESSIVE;
				CLANG_WARN_UNREACHABLE_CODE = YES;
				CLANG_WARN__DUPLICATE_METHOD_MATCH = YES;
				COPY_PHASE_STRIP = NO;
				DEBUG_INFORMATION_FORMAT = "dwarf-with-dsym";
				ENABLE_NS_ASSERTIONS = NO;
				ENABLE_STRICT_OBJC_MSGSEND = YES;
				GCC_C_LANGUAGE_STANDARD = gnu11;
				GCC_NO_COMMON_BLOCKS = YES;
				GCC_WARN_64_TO_32_BIT_CONVERSION = YES;
				GCC_WARN_ABOUT_RETURN_TYPE = YES_ERROR;
				GCC_WARN_UNDECLARED_SELECTOR = YES;
				GCC_WARN_UNINITIALIZED_AUTOS = YES_AGGRESSIVE;
				GCC_WARN_UNUSED_FUNCTION = YES;
				GCC_WARN_UNUSED_VARIABLE = YES;
				MTL_ENABLE_DEBUG_INFO = NO;
				MTL_FAST_MATH = YES;
			};
			name = Release;
		};
		BF48420C22C84EBE00850E05 /* Debug */ = {
			isa = XCBuildConfiguration;
			baseConfigurationReference = BF6BC6DB22C84F03002C96FB /* Config.xcconfig */;
			buildSettings = {
				CODE_SIGN_STYLE = Automatic;
				DEBUGGING_SYMBOLS = YES;
				DEBUG_INFORMATION_FORMAT = dwarf;
				GCC_GENERATE_DEBUGGING_SYMBOLS = YES;
				GCC_OPTIMIZATION_LEVEL = 0;
				OTHER_CFLAGS = "";
				OTHER_LDFLAGS = "";
				PRODUCT_NAME = "$(TARGET_NAME)";
			};
			name = Debug;
		};
		BF48420D22C84EBE00850E05 /* Release */ = {
			isa = XCBuildConfiguration;
			baseConfigurationReference = BF6BC6DB22C84F03002C96FB /* Config.xcconfig */;
			buildSettings = {
				CODE_SIGN_STYLE = Automatic;
				DEBUG_INFORMATION_FORMAT = "dwarf-with-dsym";
				OTHER_CFLAGS = "";
				OTHER_LDFLAGS = "";
				PRODUCT_NAME = "$(TARGET_NAME)";
			};
			name = Release;
		};
/* End XCBuildConfiguration section */

/* Begin XCConfigurationList section */
		BF48420722C84EBE00850E05 /* Build configuration list for PBXProject "AliceOS" */ = {
			isa = XCConfigurationList;
			buildConfigurations = (
				BF48420922C84EBE00850E05 /* Debug */,
				BF48420A22C84EBE00850E05 /* Release */,
			);
			defaultConfigurationIsVisible = 0;
			defaultConfigurationName = Release;
		};
		BF48420B22C84EBE00850E05 /* Build configuration list for PBXLegacyTarget "AliceOS" */ = {
			isa = XCConfigurationList;
			buildConfigurations = (
				BF48420C22C84EBE00850E05 /* Debug */,
				BF48420D22C84EBE00850E05 /* Release */,
			);
			defaultConfigurationIsVisible = 0;
			defaultConfigurationName = Release;
		};
/* End XCConfigurationList section */
	};
	rootObject = BF48420422C84EBE00850E05 /* Project object */;
}
