// !$*UTF8*$!
{
	archiveVersion = 1;
	classes = {
	};
	objectVersion = 50;
	objects = {

/* Begin PBXFileReference section */
		BF0B0CBC22CD0B8E009F4F5B /* ASDesktopCoreService.rpy */ = {isa = PBXFileReference; lastKnownFileType = text; path = ASDesktopCoreService.rpy; sourceTree = "<group>"; };
		BF0B0CBD22CD10F2009F4F5B /* 03-core-services.md */ = {isa = PBXFileReference; lastKnownFileType = net.daringfireball.markdown; path = "03-core-services.md"; sourceTree = "<group>"; };
		BF0B0CBF22CD1451009F4F5B /* ASDesktopTopBar.rpy */ = {isa = PBXFileReference; lastKnownFileType = text; path = ASDesktopTopBar.rpy; sourceTree = "<group>"; };
		BF0B0CC222CD1AA7009F4F5B /* ASDesktopTopBarStyles.rpy */ = {isa = PBXFileReference; lastKnownFileType = text; path = ASDesktopTopBarStyles.rpy; sourceTree = "<group>"; };
		BF0B0CC422CD3322009F4F5B /* project_header_relname.png */ = {isa = PBXFileReference; lastKnownFileType = image.png; name = project_header_relname.png; path = repo_assets/project_header_relname.png; sourceTree = "<group>"; };
		BF0B0CC522CD3322009F4F5B /* project_header.png */ = {isa = PBXFileReference; lastKnownFileType = image.png; name = project_header.png; path = repo_assets/project_header.png; sourceTree = "<group>"; };
		BF0B0CC622CD3341009F4F5B /* ASDesktopDefinitions.rpy */ = {isa = PBXFileReference; lastKnownFileType = text; path = ASDesktopDefinitions.rpy; sourceTree = "<group>"; };
		BF0B0CC722CD3834009F4F5B /* ASDesktopShellView.rpy */ = {isa = PBXFileReference; lastKnownFileType = text; path = ASDesktopShellView.rpy; sourceTree = "<group>"; };
		BF0B0CC822CD3D7C009F4F5B /* ASDesktopLaunchpadView.rpy */ = {isa = PBXFileReference; lastKnownFileType = text; path = ASDesktopLaunchpadView.rpy; sourceTree = "<group>"; };
		BF0B0CC922CD4186009F4F5B /* ASDesktopLaunchpadViewStyles.rpy */ = {isa = PBXFileReference; lastKnownFileType = text; path = ASDesktopLaunchpadViewStyles.rpy; sourceTree = "<group>"; };
		BF0B0CCB22CD47DA009F4F5B /* ASCoreServiceRepresentative.rpy */ = {isa = PBXFileReference; fileEncoding = 4; lastKnownFileType = text; path = ASCoreServiceRepresentative.rpy; sourceTree = "<group>"; };
		BF0B0CCF22CD4DDA009F4F5B /* 48.png */ = {isa = PBXFileReference; lastKnownFileType = image.png; path = 48.png; sourceTree = "<group>"; };
		BF0B0CD022CD4DDA009F4F5B /* 64.png */ = {isa = PBXFileReference; lastKnownFileType = image.png; path = 64.png; sourceTree = "<group>"; };
		BF0B0CD122CD4DDA009F4F5B /* 128.png */ = {isa = PBXFileReference; lastKnownFileType = image.png; path = 128.png; sourceTree = "<group>"; };
		BF0B0CD222CD4DDA009F4F5B /* 16.png */ = {isa = PBXFileReference; lastKnownFileType = image.png; path = 16.png; sourceTree = "<group>"; };
		BF0B0CD322CD4DDA009F4F5B /* 256.png */ = {isa = PBXFileReference; lastKnownFileType = image.png; path = 256.png; sourceTree = "<group>"; };
		BF0B0CD422CD4DDA009F4F5B /* 32.png */ = {isa = PBXFileReference; lastKnownFileType = image.png; path = 32.png; sourceTree = "<group>"; };
		BF0B0CD522CD4DDA009F4F5B /* 24.png */ = {isa = PBXFileReference; lastKnownFileType = image.png; path = 24.png; sourceTree = "<group>"; };
		BF0B0CD622CD4DDA009F4F5B /* ASHaltCoreService.rpy */ = {isa = PBXFileReference; fileEncoding = 4; lastKnownFileType = text; path = ASHaltCoreService.rpy; sourceTree = "<group>"; };
		BF0B0CD722CD4E98009F4F5B /* ASHaltMessage.rpy */ = {isa = PBXFileReference; lastKnownFileType = text; path = ASHaltMessage.rpy; sourceTree = "<group>"; };
		BF0B0CDB22CD5D77009F4F5B /* ASDyanmicBlur.rpy */ = {isa = PBXFileReference; fileEncoding = 4; lastKnownFileType = text; path = ASDyanmicBlur.rpy; sourceTree = "<group>"; };
		BF0B0CDC22CD5D77009F4F5B /* ASDynamicBlurBackground.png */ = {isa = PBXFileReference; lastKnownFileType = image.png; path = ASDynamicBlurBackground.png; sourceTree = "<group>"; };
		BF0B0CDD22CD5D77009F4F5B /* ASDyanmicBlur.rpyc */ = {isa = PBXFileReference; lastKnownFileType = file; path = ASDyanmicBlur.rpyc; sourceTree = "<group>"; };
		BF0B0CDE22CD601B009F4F5B /* ASHaltMessageStyles.rpy */ = {isa = PBXFileReference; lastKnownFileType = text; path = ASHaltMessageStyles.rpy; sourceTree = "<group>"; };
		BF0B0CDF22CD65A8009F4F5B /* 04-critical-errors.md */ = {isa = PBXFileReference; lastKnownFileType = net.daringfireball.markdown; path = "04-critical-errors.md"; sourceTree = "<group>"; };
		BF0B0CE022CD6FF0009F4F5B /* ASNotificationAlert.rpy */ = {isa = PBXFileReference; lastKnownFileType = text; path = ASNotificationAlert.rpy; sourceTree = "<group>"; };
		BF0B0CE222CD7037009F4F5B /* QRCode.png */ = {isa = PBXFileReference; lastKnownFileType = image.png; path = QRCode.png; sourceTree = "<group>"; };
		BF0B0CE322CD7037009F4F5B /* HaltSymbol.png */ = {isa = PBXFileReference; lastKnownFileType = image.png; path = HaltSymbol.png; sourceTree = "<group>"; };
		BF0B0CE422CD717A009F4F5B /* ASNotificationExtendedAlert.rpy */ = {isa = PBXFileReference; lastKnownFileType = text; path = ASNotificationExtendedAlert.rpy; sourceTree = "<group>"; };
		BF0B0CE522CD7897009F4F5B /* 02-alerts.md */ = {isa = PBXFileReference; lastKnownFileType = net.daringfireball.markdown; path = "02-alerts.md"; sourceTree = "<group>"; };
		BF0B0CE922CD7EB1009F4F5B /* ASBootloaderCoreService.rpy */ = {isa = PBXFileReference; lastKnownFileType = text; path = ASBootloaderCoreService.rpy; sourceTree = "<group>"; };
		BF0B0CEA22CD7F4D009F4F5B /* ASBootloaderView.rpy */ = {isa = PBXFileReference; lastKnownFileType = text; path = ASBootloaderView.rpy; sourceTree = "<group>"; };
		BF0B0CEC22CD800E009F4F5B /* PureBlackBoot.png */ = {isa = PBXFileReference; lastKnownFileType = image.png; path = PureBlackBoot.png; sourceTree = "<group>"; };
		BF0B0CED22CD812F009F4F5B /* 05-bootloader.md */ = {isa = PBXFileReference; lastKnownFileType = net.daringfireball.markdown; path = "05-bootloader.md"; sourceTree = "<group>"; };
		BF0B0CF222CD8411009F4F5B /* ASSetupAssistantCoreService.rpy */ = {isa = PBXFileReference; lastKnownFileType = text; path = ASSetupAssistantCoreService.rpy; sourceTree = "<group>"; };
		BF0B0CF422CD8518009F4F5B /* AlicePlatformLicense.txt */ = {isa = PBXFileReference; lastKnownFileType = text; path = AlicePlatformLicense.txt; sourceTree = "<group>"; };
		BF0B0CF722CD8757009F4F5B /* ASSetupAssistantViewStyles.rpy */ = {isa = PBXFileReference; lastKnownFileType = text; path = ASSetupAssistantViewStyles.rpy; sourceTree = "<group>"; };
		BF0B0CF822CE29B4009F4F5B /* install.sh */ = {isa = PBXFileReference; lastKnownFileType = text.script.sh; path = install.sh; sourceTree = "<group>"; };
		BF0B0CF922CE9C43009F4F5B /* ASSetupAssistantView.rpy */ = {isa = PBXFileReference; lastKnownFileType = text; path = ASSetupAssistantView.rpy; sourceTree = "<group>"; };
		BF0B0CFA22CE9CB2009F4F5B /* Background.png */ = {isa = PBXFileReference; lastKnownFileType = image.png; path = Background.png; sourceTree = "<group>"; };
		BF0B0CFB22CE9CB2009F4F5B /* Window.png */ = {isa = PBXFileReference; lastKnownFileType = image.png; path = Window.png; sourceTree = "<group>"; };
		BF0B0CFC22CEA636009F4F5B /* 16.png */ = {isa = PBXFileReference; lastKnownFileType = image.png; path = 16.png; sourceTree = "<group>"; };
		BF0B0CFD22CEA637009F4F5B /* 32.png */ = {isa = PBXFileReference; lastKnownFileType = image.png; path = 32.png; sourceTree = "<group>"; };
		BF0B0CFE22CEA637009F4F5B /* 128.png */ = {isa = PBXFileReference; lastKnownFileType = image.png; path = 128.png; sourceTree = "<group>"; };
		BF0B0CFF22CEA637009F4F5B /* 64.png */ = {isa = PBXFileReference; lastKnownFileType = image.png; path = 64.png; sourceTree = "<group>"; };
		BF0B0D0022CEA637009F4F5B /* 48.png */ = {isa = PBXFileReference; lastKnownFileType = image.png; path = 48.png; sourceTree = "<group>"; };
		BF0B0D0122CEA637009F4F5B /* 256.png */ = {isa = PBXFileReference; lastKnownFileType = image.png; path = 256.png; sourceTree = "<group>"; };
		BF0B0D0222CEA637009F4F5B /* 24.png */ = {isa = PBXFileReference; lastKnownFileType = image.png; path = 24.png; sourceTree = "<group>"; };
		BF0B0D0322CEB1A9009F4F5B /* 06-setup-assistant.md */ = {isa = PBXFileReference; lastKnownFileType = net.daringfireball.markdown; path = "06-setup-assistant.md"; sourceTree = "<group>"; };
		BF12A22C22E683D700E59EA9 /* 1tp1.md */ = {isa = PBXFileReference; fileEncoding = 4; lastKnownFileType = net.daringfireball.markdown; path = 1tp1.md; sourceTree = "<group>"; };
		BF12A22D22E683D700E59EA9 /* index.md */ = {isa = PBXFileReference; fileEncoding = 4; lastKnownFileType = net.daringfireball.markdown; path = index.md; sourceTree = "<group>"; };
		BF12A22F22E683D700E59EA9 /* 1tp2.md */ = {isa = PBXFileReference; fileEncoding = 4; lastKnownFileType = net.daringfireball.markdown; path = 1tp2.md; sourceTree = "<group>"; };
		BF6BC6DB22C84F03002C96FB /* Config.xcconfig */ = {isa = PBXFileReference; fileEncoding = 4; lastKnownFileType = text.xcconfig; path = Config.xcconfig; sourceTree = SOURCE_ROOT; };
		BF6BC6DE22C8503B002C96FB /* options.rpy */ = {isa = PBXFileReference; fileEncoding = 4; lastKnownFileType = text; path = options.rpy; sourceTree = "<group>"; };
		BF6BC6DF22C8503B002C96FB /* script.rpy */ = {isa = PBXFileReference; fileEncoding = 4; lastKnownFileType = text; path = script.rpy; sourceTree = "<group>"; };
		BF6BC6E722C8503B002C96FB /* common.rpymc */ = {isa = PBXFileReference; lastKnownFileType = file; path = common.rpymc; sourceTree = "<group>"; };
		BF6BC6E822C8503B002C96FB /* common.rpym */ = {isa = PBXFileReference; fileEncoding = 4; lastKnownFileType = text; path = common.rpym; sourceTree = "<group>"; };
		BF6BC6E922C8503B002C96FB /* screens.rpy */ = {isa = PBXFileReference; fileEncoding = 4; lastKnownFileType = text; path = screens.rpy; sourceTree = "<group>"; };
		BF6BC6EF22C8503B002C96FB /* textbox.png */ = {isa = PBXFileReference; lastKnownFileType = image.png; path = textbox.png; sourceTree = "<group>"; };
		BF6BC6F022C8503B002C96FB /* nvl.png */ = {isa = PBXFileReference; lastKnownFileType = image.png; path = nvl.png; sourceTree = "<group>"; };
		BF6BC6F122C8503B002C96FB /* window_icon.png */ = {isa = PBXFileReference; lastKnownFileType = image.png; path = window_icon.png; sourceTree = "<group>"; };
		BF6BC6F322C8503B002C96FB /* horizontal_idle_bar.png */ = {isa = PBXFileReference; lastKnownFileType = image.png; path = horizontal_idle_bar.png; sourceTree = "<group>"; };
		BF6BC6F422C8503B002C96FB /* horizontal_idle_thumb.png */ = {isa = PBXFileReference; lastKnownFileType = image.png; path = horizontal_idle_thumb.png; sourceTree = "<group>"; };
		BF6BC6F522C8503B002C96FB /* vertical_hover_thumb.png */ = {isa = PBXFileReference; lastKnownFileType = image.png; path = vertical_hover_thumb.png; sourceTree = "<group>"; };
		BF6BC6F622C8503B002C96FB /* vertical_hover_bar.png */ = {isa = PBXFileReference; lastKnownFileType = image.png; path = vertical_hover_bar.png; sourceTree = "<group>"; };
		BF6BC6F722C8503B002C96FB /* horizontal_hover_bar.png */ = {isa = PBXFileReference; lastKnownFileType = image.png; path = horizontal_hover_bar.png; sourceTree = "<group>"; };
		BF6BC6F822C8503B002C96FB /* vertical_idle_thumb.png */ = {isa = PBXFileReference; lastKnownFileType = image.png; path = vertical_idle_thumb.png; sourceTree = "<group>"; };
		BF6BC6F922C8503B002C96FB /* horizontal_hover_thumb.png */ = {isa = PBXFileReference; lastKnownFileType = image.png; path = horizontal_hover_thumb.png; sourceTree = "<group>"; };
		BF6BC6FA22C8503B002C96FB /* vertical_idle_bar.png */ = {isa = PBXFileReference; lastKnownFileType = image.png; path = vertical_idle_bar.png; sourceTree = "<group>"; };
		BF6BC6FB22C8503B002C96FB /* game_menu.png */ = {isa = PBXFileReference; lastKnownFileType = image.png; path = game_menu.png; sourceTree = "<group>"; };
		BF6BC6FC22C8503B002C96FB /* skip.png */ = {isa = PBXFileReference; lastKnownFileType = image.png; path = skip.png; sourceTree = "<group>"; };
		BF6BC6FE22C8503B002C96FB /* radio_selected_foreground.png */ = {isa = PBXFileReference; lastKnownFileType = image.png; path = radio_selected_foreground.png; sourceTree = "<group>"; };
		BF6BC6FF22C8503B002C96FB /* check_selected_foreground.png */ = {isa = PBXFileReference; lastKnownFileType = image.png; path = check_selected_foreground.png; sourceTree = "<group>"; };
		BF6BC70022C8503B002C96FB /* check_foreground.png */ = {isa = PBXFileReference; lastKnownFileType = image.png; path = check_foreground.png; sourceTree = "<group>"; };
		BF6BC70122C8503B002C96FB /* quick_idle_background.png */ = {isa = PBXFileReference; lastKnownFileType = image.png; path = quick_idle_background.png; sourceTree = "<group>"; };
		BF6BC70222C8503B002C96FB /* radio_foreground.png */ = {isa = PBXFileReference; lastKnownFileType = image.png; path = radio_foreground.png; sourceTree = "<group>"; };
		BF6BC70322C8503B002C96FB /* idle_background.png */ = {isa = PBXFileReference; lastKnownFileType = image.png; path = idle_background.png; sourceTree = "<group>"; };
		BF6BC70422C8503B002C96FB /* hover_background.png */ = {isa = PBXFileReference; lastKnownFileType = image.png; path = hover_background.png; sourceTree = "<group>"; };
		BF6BC70522C8503B002C96FB /* quick_hover_background.png */ = {isa = PBXFileReference; lastKnownFileType = image.png; path = quick_hover_background.png; sourceTree = "<group>"; };
		BF6BC70622C8503B002C96FB /* slot_idle_background.png */ = {isa = PBXFileReference; lastKnownFileType = image.png; path = slot_idle_background.png; sourceTree = "<group>"; };
		BF6BC70722C8503B002C96FB /* choice_idle_background.png */ = {isa = PBXFileReference; lastKnownFileType = image.png; path = choice_idle_background.png; sourceTree = "<group>"; };
		BF6BC70822C8503B002C96FB /* slot_hover_background.png */ = {isa = PBXFileReference; lastKnownFileType = image.png; path = slot_hover_background.png; sourceTree = "<group>"; };
		BF6BC70922C8503B002C96FB /* choice_hover_background.png */ = {isa = PBXFileReference; lastKnownFileType = image.png; path = choice_hover_background.png; sourceTree = "<group>"; };
		BF6BC70A22C8503B002C96FB /* notify.png */ = {isa = PBXFileReference; lastKnownFileType = image.png; path = notify.png; sourceTree = "<group>"; };
		BF6BC70B22C8503B002C96FB /* namebox.png */ = {isa = PBXFileReference; lastKnownFileType = image.png; path = namebox.png; sourceTree = "<group>"; };
		BF6BC70C22C8503B002C96FB /* main_menu.png */ = {isa = PBXFileReference; lastKnownFileType = image.png; path = main_menu.png; sourceTree = "<group>"; };
		BF6BC70E22C8503B002C96FB /* textbox.png */ = {isa = PBXFileReference; lastKnownFileType = image.png; path = textbox.png; sourceTree = "<group>"; };
		BF6BC70F22C8503B002C96FB /* nvl.png */ = {isa = PBXFileReference; lastKnownFileType = image.png; path = nvl.png; sourceTree = "<group>"; };
		BF6BC71122C8503B002C96FB /* game_menu.png */ = {isa = PBXFileReference; lastKnownFileType = image.png; path = game_menu.png; sourceTree = "<group>"; };
		BF6BC71222C8503B002C96FB /* main_menu.png */ = {isa = PBXFileReference; lastKnownFileType = image.png; path = main_menu.png; sourceTree = "<group>"; };
		BF6BC71322C8503B002C96FB /* frame.png */ = {isa = PBXFileReference; lastKnownFileType = image.png; path = frame.png; sourceTree = "<group>"; };
		BF6BC71522C8503B002C96FB /* bottom.png */ = {isa = PBXFileReference; lastKnownFileType = image.png; path = bottom.png; sourceTree = "<group>"; };
		BF6BC71622C8503B002C96FB /* left.png */ = {isa = PBXFileReference; lastKnownFileType = image.png; path = left.png; sourceTree = "<group>"; };
		BF6BC71722C8503B002C96FB /* top.png */ = {isa = PBXFileReference; lastKnownFileType = image.png; path = top.png; sourceTree = "<group>"; };
		BF6BC71822C8503B002C96FB /* right.png */ = {isa = PBXFileReference; lastKnownFileType = image.png; path = right.png; sourceTree = "<group>"; };
		BF6BC71A22C8503B002C96FB /* game_menu.png */ = {isa = PBXFileReference; lastKnownFileType = image.png; path = game_menu.png; sourceTree = "<group>"; };
		BF6BC71B22C8503B002C96FB /* confirm.png */ = {isa = PBXFileReference; lastKnownFileType = image.png; path = confirm.png; sourceTree = "<group>"; };
		BF6BC71C22C8503B002C96FB /* main_menu.png */ = {isa = PBXFileReference; lastKnownFileType = image.png; path = main_menu.png; sourceTree = "<group>"; };
		BF6BC71E22C8503B002C96FB /* horizontal_idle_bar.png */ = {isa = PBXFileReference; lastKnownFileType = image.png; path = horizontal_idle_bar.png; sourceTree = "<group>"; };
		BF6BC71F22C8503B002C96FB /* horizontal_idle_thumb.png */ = {isa = PBXFileReference; lastKnownFileType = image.png; path = horizontal_idle_thumb.png; sourceTree = "<group>"; };
		BF6BC72022C8503B002C96FB /* vertical_hover_thumb.png */ = {isa = PBXFileReference; lastKnownFileType = image.png; path = vertical_hover_thumb.png; sourceTree = "<group>"; };
		BF6BC72122C8503B002C96FB /* vertical_hover_bar.png */ = {isa = PBXFileReference; lastKnownFileType = image.png; path = vertical_hover_bar.png; sourceTree = "<group>"; };
		BF6BC72222C8503B002C96FB /* horizontal_hover_bar.png */ = {isa = PBXFileReference; lastKnownFileType = image.png; path = horizontal_hover_bar.png; sourceTree = "<group>"; };
		BF6BC72322C8503B002C96FB /* vertical_idle_thumb.png */ = {isa = PBXFileReference; lastKnownFileType = image.png; path = vertical_idle_thumb.png; sourceTree = "<group>"; };
		BF6BC72422C8503B002C96FB /* horizontal_hover_thumb.png */ = {isa = PBXFileReference; lastKnownFileType = image.png; path = horizontal_hover_thumb.png; sourceTree = "<group>"; };
		BF6BC72522C8503B002C96FB /* vertical_idle_bar.png */ = {isa = PBXFileReference; lastKnownFileType = image.png; path = vertical_idle_bar.png; sourceTree = "<group>"; };
		BF6BC72822C8503B002C96FB /* gui.rpy */ = {isa = PBXFileReference; fileEncoding = 4; lastKnownFileType = text; path = gui.rpy; sourceTree = "<group>"; };
		BF71F30022E68A5F00241258 /* gitpod.yml */ = {isa = PBXFileReference; lastKnownFileType = text; path = gitpod.yml; sourceTree = "<group>"; };
		BF71F30122E68A5F00241258 /* CODEOWNERS */ = {isa = PBXFileReference; lastKnownFileType = text; path = CODEOWNERS; sourceTree = "<group>"; };
		BF76CAC622CC455D00A43F5C /* hero.jpg */ = {isa = PBXFileReference; lastKnownFileType = image.jpeg; path = hero.jpg; sourceTree = "<group>"; };
		BF86C18E22C90D7300FD10E4 /* README.md */ = {isa = PBXFileReference; fileEncoding = 4; lastKnownFileType = net.daringfireball.markdown; path = README.md; sourceTree = "<group>"; };
		BF86C19622C90EDA00FD10E4 /* ASNotificationBanner.rpy */ = {isa = PBXFileReference; lastKnownFileType = text; path = ASNotificationBanner.rpy; sourceTree = "<group>"; };
		BF86C19822C910F100FD10E4 /* bannerBackground.png */ = {isa = PBXFileReference; lastKnownFileType = image.png; path = bannerBackground.png; sourceTree = "<group>"; };
		BF86C19922C9110900FD10E4 /* ASNotificationStyles.rpy */ = {isa = PBXFileReference; lastKnownFileType = text; path = ASNotificationStyles.rpy; sourceTree = "<group>"; };
		BF86C19A22C9117D00FD10E4 /* ASDefinitions.rpy */ = {isa = PBXFileReference; lastKnownFileType = text; path = ASDefinitions.rpy; sourceTree = "<group>"; };
		BF86C1AB22C916BF00FD10E4 /* ASFonts.rpy */ = {isa = PBXFileReference; lastKnownFileType = text; path = ASFonts.rpy; sourceTree = "<group>"; };
		BF86C1AD22C91B5A00FD10E4 /* ASAppRepresentative.rpy */ = {isa = PBXFileReference; lastKnownFileType = text; path = ASAppRepresentative.rpy; sourceTree = "<group>"; };
		BF8CEEEB22D13DB000227C2F /* splashscreen.rpy */ = {isa = PBXFileReference; lastKnownFileType = text; path = splashscreen.rpy; sourceTree = "<group>"; };
		BFF52C8A22C97062005F37B0 /* ASPermissionRequest.rpy */ = {isa = PBXFileReference; lastKnownFileType = text; path = ASPermissionRequest.rpy; sourceTree = "<group>"; };
		BFF52C8C22C97C1F005F37B0 /* ASPermissionRequestStyles.rpy */ = {isa = PBXFileReference; lastKnownFileType = text; path = ASPermissionRequestStyles.rpy; sourceTree = "<group>"; };
		BFF52C8F22C9931A005F37B0 /* Messages.rpy */ = {isa = PBXFileReference; lastKnownFileType = text; path = Messages.rpy; sourceTree = "<group>"; };
		BFF52C9222C99584005F37B0 /* 128.png */ = {isa = PBXFileReference; lastKnownFileType = image.png; path = 128.png; sourceTree = "<group>"; };
		BFF52C9322C99584005F37B0 /* 64.png */ = {isa = PBXFileReference; lastKnownFileType = image.png; path = 64.png; sourceTree = "<group>"; };
		BFF52C9422C99584005F37B0 /* 48.png */ = {isa = PBXFileReference; lastKnownFileType = image.png; path = 48.png; sourceTree = "<group>"; };
		BFF52C9522C99584005F37B0 /* 24.png */ = {isa = PBXFileReference; lastKnownFileType = image.png; path = 24.png; sourceTree = "<group>"; };
		BFF52C9622C99584005F37B0 /* 32.png */ = {isa = PBXFileReference; lastKnownFileType = image.png; path = 32.png; sourceTree = "<group>"; };
		BFF52C9722C99584005F37B0 /* 16.png */ = {isa = PBXFileReference; lastKnownFileType = image.png; path = 16.png; sourceTree = "<group>"; };
		BFF52C9822C99584005F37B0 /* 256.png */ = {isa = PBXFileReference; lastKnownFileType = image.png; path = 256.png; sourceTree = "<group>"; };
		BFF52C9C22CA6AE0005F37B0 /* setup.sh */ = {isa = PBXFileReference; fileEncoding = 4; lastKnownFileType = text.script.sh; path = setup.sh; sourceTree = "<group>"; };
		BFF52C9D22CA6AE0005F37B0 /* inject_version.sh */ = {isa = PBXFileReference; fileEncoding = 4; lastKnownFileType = text.script.sh; path = inject_version.sh; sourceTree = "<group>"; };
		BFF52C9E22CA6AEB005F37B0 /* .travis.yml */ = {isa = PBXFileReference; fileEncoding = 4; lastKnownFileType = text; path = .travis.yml; sourceTree = "<group>"; };
		BFF52CA022CA77B3005F37B0 /* index.md */ = {isa = PBXFileReference; fileEncoding = 4; lastKnownFileType = net.daringfireball.markdown; path = index.md; sourceTree = "<group>"; };
		BFF52CA122CA77B3005F37B0 /* mkdocs.yml */ = {isa = PBXFileReference; fileEncoding = 4; lastKnownFileType = text; path = mkdocs.yml; sourceTree = "<group>"; };
		BFF52CA422CA7E35005F37B0 /* 01-install.md */ = {isa = PBXFileReference; lastKnownFileType = net.daringfireball.markdown; path = "01-install.md"; sourceTree = "<group>"; };
		BFF52CA522CA82FD005F37B0 /* 01-definitions.md */ = {isa = PBXFileReference; lastKnownFileType = net.daringfireball.markdown; path = "01-definitions.md"; sourceTree = "<group>"; };
		BFF52CA922CA85CD005F37B0 /* 01-banner.md */ = {isa = PBXFileReference; lastKnownFileType = net.daringfireball.markdown; path = "01-banner.md"; sourceTree = "<group>"; };
		BFF52CAA22CA85F8005F37B0 /* index.md */ = {isa = PBXFileReference; lastKnownFileType = net.daringfireball.markdown; path = index.md; sourceTree = "<group>"; };
		BFF52CAB22CA9A0F005F37B0 /* index.md */ = {isa = PBXFileReference; lastKnownFileType = net.daringfireball.markdown; path = index.md; sourceTree = "<group>"; };
		BFF52CAC22CA9B4F005F37B0 /* 02-sending-notifications.md */ = {isa = PBXFileReference; lastKnownFileType = net.daringfireball.markdown; path = "02-sending-notifications.md"; sourceTree = "<group>"; };
		BFF52CAD22CAAD73005F37B0 /* 01-manifest.md */ = {isa = PBXFileReference; lastKnownFileType = net.daringfireball.markdown; path = "01-manifest.md"; sourceTree = "<group>"; };
		BFF52CB122CAC422005F37B0 /* Chuttersnap.png */ = {isa = PBXFileReference; lastKnownFileType = image.png; path = Chuttersnap.png; sourceTree = "<group>"; };
		BFF52CB322CAC422005F37B0 /* Italic.ttf */ = {isa = PBXFileReference; lastKnownFileType = file; path = Italic.ttf; sourceTree = "<group>"; };
		BFF52CB422CAC422005F37B0 /* Medium.ttf */ = {isa = PBXFileReference; lastKnownFileType = file; path = Medium.ttf; sourceTree = "<group>"; };
		BFF52CB522CAC422005F37B0 /* Black.ttf */ = {isa = PBXFileReference; lastKnownFileType = file; path = Black.ttf; sourceTree = "<group>"; };
		BFF52CB622CAC422005F37B0 /* Bold.ttf */ = {isa = PBXFileReference; lastKnownFileType = file; path = Bold.ttf; sourceTree = "<group>"; };
		BFF52CB722CAC422005F37B0 /* Regular.ttf */ = {isa = PBXFileReference; lastKnownFileType = file; path = Regular.ttf; sourceTree = "<group>"; };
		BFF52CB822CAC422005F37B0 /* Thin.ttf */ = {isa = PBXFileReference; lastKnownFileType = file; path = Thin.ttf; sourceTree = "<group>"; };
		BFF52CBA22CAC422005F37B0 /* LightItalic.ttf */ = {isa = PBXFileReference; lastKnownFileType = file; path = LightItalic.ttf; sourceTree = "<group>"; };
		BFF52CBB22CAC422005F37B0 /* BlackItalic.ttf */ = {isa = PBXFileReference; lastKnownFileType = file; path = BlackItalic.ttf; sourceTree = "<group>"; };
		BFF52CBC22CAC422005F37B0 /* Light.ttf */ = {isa = PBXFileReference; lastKnownFileType = file; path = Light.ttf; sourceTree = "<group>"; };
		BFF52CBD22CAC422005F37B0 /* Italic.ttf */ = {isa = PBXFileReference; lastKnownFileType = file; path = Italic.ttf; sourceTree = "<group>"; };
		BFF52CBE22CAC422005F37B0 /* MediumItalic.ttf */ = {isa = PBXFileReference; lastKnownFileType = file; path = MediumItalic.ttf; sourceTree = "<group>"; };
		BFF52CBF22CAC422005F37B0 /* BoldItalic.ttf */ = {isa = PBXFileReference; lastKnownFileType = file; path = BoldItalic.ttf; sourceTree = "<group>"; };
		BFF52CC022CAC422005F37B0 /* ThinItalic.ttf */ = {isa = PBXFileReference; lastKnownFileType = file; path = ThinItalic.ttf; sourceTree = "<group>"; };
		BFF52CC122CAC422005F37B0 /* ExtraBoldItalic.ttf */ = {isa = PBXFileReference; lastKnownFileType = file; path = ExtraBoldItalic.ttf; sourceTree = "<group>"; };
		BFF52CC222CAC422005F37B0 /* Medium.ttf */ = {isa = PBXFileReference; lastKnownFileType = file; path = Medium.ttf; sourceTree = "<group>"; };
		BFF52CC322CAC422005F37B0 /* OFL.txt */ = {isa = PBXFileReference; fileEncoding = 4; lastKnownFileType = text; path = OFL.txt; sourceTree = "<group>"; };
		BFF52CC422CAC422005F37B0 /* Black.ttf */ = {isa = PBXFileReference; lastKnownFileType = file; path = Black.ttf; sourceTree = "<group>"; };
		BFF52CC522CAC422005F37B0 /* ExtraBold.ttf */ = {isa = PBXFileReference; lastKnownFileType = file; path = ExtraBold.ttf; sourceTree = "<group>"; };
		BFF52CC622CAC422005F37B0 /* Bold.ttf */ = {isa = PBXFileReference; lastKnownFileType = file; path = Bold.ttf; sourceTree = "<group>"; };
		BFF52CC722CAC422005F37B0 /* Regular.ttf */ = {isa = PBXFileReference; lastKnownFileType = file; path = Regular.ttf; sourceTree = "<group>"; };
		BFF52CC822CAC422005F37B0 /* Thin.ttf */ = {isa = PBXFileReference; lastKnownFileType = file; path = Thin.ttf; sourceTree = "<group>"; };
		BFF52CC922CAC614005F37B0 /* 10-ASAppRepresentative.md */ = {isa = PBXFileReference; lastKnownFileType = net.daringfireball.markdown; path = "10-ASAppRepresentative.md"; sourceTree = "<group>"; };
		BFF52CCA22CAC9CB005F37B0 /* 02-default-apps.md */ = {isa = PBXFileReference; lastKnownFileType = net.daringfireball.markdown; path = "02-default-apps.md"; sourceTree = "<group>"; };
		BFF52CCB22CAD52F005F37B0 /* inject_rp6.sh */ = {isa = PBXFileReference; lastKnownFileType = text.script.sh; path = inject_rp6.sh; sourceTree = "<group>"; };
		BFF52CCD22CAE737005F37B0 /* favicon.ico */ = {isa = PBXFileReference; lastKnownFileType = image.ico; path = favicon.ico; sourceTree = "<group>"; };
		BFF52CCF22CAE737005F37B0 /* logomark.svg */ = {isa = PBXFileReference; fileEncoding = 4; lastKnownFileType = text.xml; path = logomark.svg; sourceTree = "<group>"; };
		BFF52CD222CAE737005F37B0 /* messages.png */ = {isa = PBXFileReference; lastKnownFileType = image.png; path = messages.png; sourceTree = "<group>"; };
		BFF52CD422CAE737005F37B0 /* banner.png */ = {isa = PBXFileReference; lastKnownFileType = image.png; path = banner.png; sourceTree = "<group>"; };
		BFF52CD522CAE737005F37B0 /* alerts.png */ = {isa = PBXFileReference; lastKnownFileType = image.png; path = alerts.png; sourceTree = "<group>"; };
		BFF52CD722CAE737005F37B0 /* apps-sn-hero.png */ = {isa = PBXFileReference; lastKnownFileType = image.png; path = "apps-sn-hero.png"; sourceTree = "<group>"; };
/* End PBXFileReference section */

/* Begin PBXGroup section */
		BF0B0CB822CD0A71009F4F5B /* CoreServices */ = {
			isa = PBXGroup;
			children = (
				BF0B0CEE22CD83D8009F4F5B /* Setup.aoscservice */,
				BF0B0CE622CD7D29009F4F5B /* Boot.aoscservice */,
				BF0B0CCC22CD4DDA009F4F5B /* Halt.aoscservice */,
				BF0B0CB922CD0A7D009F4F5B /* Desktop.aoscservice */,
			);
			path = CoreServices;
			sourceTree = "<group>";
		};
		BF0B0CB922CD0A7D009F4F5B /* Desktop.aoscservice */ = {
			isa = PBXGroup;
			children = (
				BF0B0CC122CD1A96009F4F5B /* Styles */,
				BF0B0CBE22CD1428009F4F5B /* Views */,
				BF0B0CBA22CD0B57009F4F5B /* Resources */,
				BF0B0CBC22CD0B8E009F4F5B /* ASDesktopCoreService.rpy */,
				BF0B0CC622CD3341009F4F5B /* ASDesktopDefinitions.rpy */,
			);
			path = Desktop.aoscservice;
			sourceTree = "<group>";
		};
		BF0B0CBA22CD0B57009F4F5B /* Resources */ = {
			isa = PBXGroup;
			children = (
				BF0B0CC022CD1468009F4F5B /* Elements */,
				BF0B0CBB22CD0B6C009F4F5B /* Iconset */,
			);
			path = Resources;
			sourceTree = "<group>";
		};
		BF0B0CBB22CD0B6C009F4F5B /* Iconset */ = {
			isa = PBXGroup;
			children = (
			);
			path = Iconset;
			sourceTree = "<group>";
		};
		BF0B0CBE22CD1428009F4F5B /* Views */ = {
			isa = PBXGroup;
			children = (
				BF0B0CBF22CD1451009F4F5B /* ASDesktopTopBar.rpy */,
				BF0B0CC722CD3834009F4F5B /* ASDesktopShellView.rpy */,
				BF0B0CC822CD3D7C009F4F5B /* ASDesktopLaunchpadView.rpy */,
			);
			path = Views;
			sourceTree = "<group>";
		};
		BF0B0CC022CD1468009F4F5B /* Elements */ = {
			isa = PBXGroup;
			children = (
			);
			path = Elements;
			sourceTree = "<group>";
		};
		BF0B0CC122CD1A96009F4F5B /* Styles */ = {
			isa = PBXGroup;
			children = (
				BF0B0CC222CD1AA7009F4F5B /* ASDesktopTopBarStyles.rpy */,
				BF0B0CC922CD4186009F4F5B /* ASDesktopLaunchpadViewStyles.rpy */,
			);
			path = Styles;
			sourceTree = "<group>";
		};
		BF0B0CC322CD32FD009F4F5B /* Assets */ = {
			isa = PBXGroup;
			children = (
				BF71F2FF22E68A5F00241258 /* .github */,
				BF0B0CC422CD3322009F4F5B /* project_header_relname.png */,
				BF0B0CC522CD3322009F4F5B /* project_header.png */,
				BF6BC6DB22C84F03002C96FB /* Config.xcconfig */,
				BF86C18E22C90D7300FD10E4 /* README.md */,
			);
			name = Assets;
			sourceTree = "<group>";
		};
		BF0B0CCA22CD479C009F4F5B /* ServiceKit.aosframework */ = {
			isa = PBXGroup;
			children = (
				BF0B0CCB22CD47DA009F4F5B /* ASCoreServiceRepresentative.rpy */,
			);
			path = ServiceKit.aosframework;
			sourceTree = "<group>";
		};
		BF0B0CCC22CD4DDA009F4F5B /* Halt.aoscservice */ = {
			isa = PBXGroup;
			children = (
				BF0B0CE122CD7037009F4F5B /* Elements */,
				BF0B0CCD22CD4DDA009F4F5B /* Resources */,
				BF0B0CD622CD4DDA009F4F5B /* ASHaltCoreService.rpy */,
				BF0B0CD722CD4E98009F4F5B /* ASHaltMessage.rpy */,
				BF0B0CDE22CD601B009F4F5B /* ASHaltMessageStyles.rpy */,
			);
			path = Halt.aoscservice;
			sourceTree = "<group>";
		};
		BF0B0CCD22CD4DDA009F4F5B /* Resources */ = {
			isa = PBXGroup;
			children = (
				BF0B0CCE22CD4DDA009F4F5B /* Iconset */,
			);
			path = Resources;
			sourceTree = "<group>";
		};
		BF0B0CCE22CD4DDA009F4F5B /* Iconset */ = {
			isa = PBXGroup;
			children = (
				BF0B0CCF22CD4DDA009F4F5B /* 48.png */,
				BF0B0CD022CD4DDA009F4F5B /* 64.png */,
				BF0B0CD122CD4DDA009F4F5B /* 128.png */,
				BF0B0CD222CD4DDA009F4F5B /* 16.png */,
				BF0B0CD322CD4DDA009F4F5B /* 256.png */,
				BF0B0CD422CD4DDA009F4F5B /* 32.png */,
				BF0B0CD522CD4DDA009F4F5B /* 24.png */,
			);
			path = Iconset;
			sourceTree = "<group>";
		};
		BF0B0CD822CD5025009F4F5B /* Effects */ = {
			isa = PBXGroup;
			children = (
				BF0B0CDA22CD5D77009F4F5B /* ASDynamicBlur */,
			);
			path = Effects;
			sourceTree = "<group>";
		};
		BF0B0CDA22CD5D77009F4F5B /* ASDynamicBlur */ = {
			isa = PBXGroup;
			children = (
				BF0B0CDB22CD5D77009F4F5B /* ASDyanmicBlur.rpy */,
				BF0B0CDC22CD5D77009F4F5B /* ASDynamicBlurBackground.png */,
				BF0B0CDD22CD5D77009F4F5B /* ASDyanmicBlur.rpyc */,
			);
			path = ASDynamicBlur;
			sourceTree = "<group>";
		};
		BF0B0CE122CD7037009F4F5B /* Elements */ = {
			isa = PBXGroup;
			children = (
				BF0B0CE222CD7037009F4F5B /* QRCode.png */,
				BF0B0CE322CD7037009F4F5B /* HaltSymbol.png */,
			);
			name = Elements;
			path = Resources/Elements;
			sourceTree = "<group>";
		};
		BF0B0CE622CD7D29009F4F5B /* Boot.aoscservice */ = {
			isa = PBXGroup;
			children = (
				BF0B0CE722CD7D3C009F4F5B /* Resources */,
				BF0B0CE922CD7EB1009F4F5B /* ASBootloaderCoreService.rpy */,
				BF0B0CEA22CD7F4D009F4F5B /* ASBootloaderView.rpy */,
			);
			path = Boot.aoscservice;
			sourceTree = "<group>";
		};
		BF0B0CE722CD7D3C009F4F5B /* Resources */ = {
			isa = PBXGroup;
			children = (
				BF0B0CEB22CD800E009F4F5B /* Elements */,
				BF0B0CE822CD7D42009F4F5B /* Iconset */,
			);
			path = Resources;
			sourceTree = "<group>";
		};
		BF0B0CE822CD7D42009F4F5B /* Iconset */ = {
			isa = PBXGroup;
			children = (
			);
			path = Iconset;
			sourceTree = "<group>";
		};
		BF0B0CEB22CD800E009F4F5B /* Elements */ = {
			isa = PBXGroup;
			children = (
				BF0B0CEC22CD800E009F4F5B /* PureBlackBoot.png */,
			);
			path = Elements;
			sourceTree = "<group>";
		};
		BF0B0CEE22CD83D8009F4F5B /* Setup.aoscservice */ = {
			isa = PBXGroup;
			children = (
				BF0B0CEF22CD83EC009F4F5B /* Resources */,
				BF0B0CF222CD8411009F4F5B /* ASSetupAssistantCoreService.rpy */,
				BF0B0CF722CD8757009F4F5B /* ASSetupAssistantViewStyles.rpy */,
				BF0B0CF922CE9C43009F4F5B /* ASSetupAssistantView.rpy */,
			);
			path = Setup.aoscservice;
			sourceTree = "<group>";
		};
		BF0B0CEF22CD83EC009F4F5B /* Resources */ = {
			isa = PBXGroup;
			children = (
				BF0B0CF122CD83F7009F4F5B /* Elements */,
				BF0B0CF022CD83F2009F4F5B /* Iconset */,
				BF0B0CF422CD8518009F4F5B /* AlicePlatformLicense.txt */,
			);
			path = Resources;
			sourceTree = "<group>";
		};
		BF0B0CF022CD83F2009F4F5B /* Iconset */ = {
			isa = PBXGroup;
			children = (
				BF0B0CFC22CEA636009F4F5B /* 16.png */,
				BF0B0D0222CEA637009F4F5B /* 24.png */,
				BF0B0CFD22CEA637009F4F5B /* 32.png */,
				BF0B0D0022CEA637009F4F5B /* 48.png */,
				BF0B0CFF22CEA637009F4F5B /* 64.png */,
				BF0B0CFE22CEA637009F4F5B /* 128.png */,
				BF0B0D0122CEA637009F4F5B /* 256.png */,
			);
			path = Iconset;
			sourceTree = "<group>";
		};
		BF0B0CF122CD83F7009F4F5B /* Elements */ = {
			isa = PBXGroup;
			children = (
				BF0B0CFA22CE9CB2009F4F5B /* Background.png */,
				BF0B0CFB22CE9CB2009F4F5B /* Window.png */,
			);
			path = Elements;
			sourceTree = "<group>";
		};
		BF12A22B22E683D700E59EA9 /* AliceOS-Release-Notes */ = {
			isa = PBXGroup;
			children = (
				BF12A22C22E683D700E59EA9 /* 1tp1.md */,
				BF12A22D22E683D700E59EA9 /* index.md */,
				BF12A22F22E683D700E59EA9 /* 1tp2.md */,
			);
			name = "AliceOS-Release-Notes";
			path = "../../../../../System/Volumes/Data/Users/marquiskurt/Developer/CatalinaToriel/mkdocs/AliceOS-Release-Notes";
			sourceTree = "<group>";
		};
		BF48420322C84EBE00850E05 = {
			isa = PBXGroup;
			children = (
				BF86C19022C90DD200FD10E4 /* AliceOS */,
				BFF52CA322CA77C5005F37B0 /* Travis CI */,
				BFF52CA222CA77BB005F37B0 /* Documentation */,
				BF6BC72922C8504D002C96FB /* Ren'Py Base */,
				BF0B0CC322CD32FD009F4F5B /* Assets */,
			);
			sourceTree = "<group>";
		};
		BF6BC6E422C8503B002C96FB /* images */ = {
			isa = PBXGroup;
			children = (
			);
			path = images;
			sourceTree = "<group>";
		};
		BF6BC6E522C8503B002C96FB /* tl */ = {
			isa = PBXGroup;
			children = (
				BF6BC6E622C8503B002C96FB /* None */,
			);
			path = tl;
			sourceTree = "<group>";
		};
		BF6BC6E622C8503B002C96FB /* None */ = {
			isa = PBXGroup;
			children = (
				BF6BC6E722C8503B002C96FB /* common.rpymc */,
				BF6BC6E822C8503B002C96FB /* common.rpym */,
			);
			path = None;
			sourceTree = "<group>";
		};
		BF6BC6EE22C8503B002C96FB /* gui */ = {
			isa = PBXGroup;
			children = (
				BF6BC6EF22C8503B002C96FB /* textbox.png */,
				BF6BC6F022C8503B002C96FB /* nvl.png */,
				BF6BC6F122C8503B002C96FB /* window_icon.png */,
				BF6BC6F222C8503B002C96FB /* slider */,
				BF6BC6FB22C8503B002C96FB /* game_menu.png */,
				BF6BC6FC22C8503B002C96FB /* skip.png */,
				BF6BC6FD22C8503B002C96FB /* button */,
				BF6BC70A22C8503B002C96FB /* notify.png */,
				BF6BC70B22C8503B002C96FB /* namebox.png */,
				BF6BC70C22C8503B002C96FB /* main_menu.png */,
				BF6BC70D22C8503B002C96FB /* phone */,
				BF6BC71322C8503B002C96FB /* frame.png */,
				BF6BC71422C8503B002C96FB /* bar */,
				BF6BC71922C8503B002C96FB /* overlay */,
				BF6BC71D22C8503B002C96FB /* scrollbar */,
			);
			path = gui;
			sourceTree = "<group>";
		};
		BF6BC6F222C8503B002C96FB /* slider */ = {
			isa = PBXGroup;
			children = (
				BF6BC6F322C8503B002C96FB /* horizontal_idle_bar.png */,
				BF6BC6F422C8503B002C96FB /* horizontal_idle_thumb.png */,
				BF6BC6F522C8503B002C96FB /* vertical_hover_thumb.png */,
				BF6BC6F622C8503B002C96FB /* vertical_hover_bar.png */,
				BF6BC6F722C8503B002C96FB /* horizontal_hover_bar.png */,
				BF6BC6F822C8503B002C96FB /* vertical_idle_thumb.png */,
				BF6BC6F922C8503B002C96FB /* horizontal_hover_thumb.png */,
				BF6BC6FA22C8503B002C96FB /* vertical_idle_bar.png */,
			);
			path = slider;
			sourceTree = "<group>";
		};
		BF6BC6FD22C8503B002C96FB /* button */ = {
			isa = PBXGroup;
			children = (
				BF6BC6FE22C8503B002C96FB /* radio_selected_foreground.png */,
				BF6BC6FF22C8503B002C96FB /* check_selected_foreground.png */,
				BF6BC70022C8503B002C96FB /* check_foreground.png */,
				BF6BC70122C8503B002C96FB /* quick_idle_background.png */,
				BF6BC70222C8503B002C96FB /* radio_foreground.png */,
				BF6BC70322C8503B002C96FB /* idle_background.png */,
				BF6BC70422C8503B002C96FB /* hover_background.png */,
				BF6BC70522C8503B002C96FB /* quick_hover_background.png */,
				BF6BC70622C8503B002C96FB /* slot_idle_background.png */,
				BF6BC70722C8503B002C96FB /* choice_idle_background.png */,
				BF6BC70822C8503B002C96FB /* slot_hover_background.png */,
				BF6BC70922C8503B002C96FB /* choice_hover_background.png */,
			);
			path = button;
			sourceTree = "<group>";
		};
		BF6BC70D22C8503B002C96FB /* phone */ = {
			isa = PBXGroup;
			children = (
				BF6BC70E22C8503B002C96FB /* textbox.png */,
				BF6BC70F22C8503B002C96FB /* nvl.png */,
				BF6BC71022C8503B002C96FB /* overlay */,
			);
			path = phone;
			sourceTree = "<group>";
		};
		BF6BC71022C8503B002C96FB /* overlay */ = {
			isa = PBXGroup;
			children = (
				BF6BC71122C8503B002C96FB /* game_menu.png */,
				BF6BC71222C8503B002C96FB /* main_menu.png */,
			);
			path = overlay;
			sourceTree = "<group>";
		};
		BF6BC71422C8503B002C96FB /* bar */ = {
			isa = PBXGroup;
			children = (
				BF6BC71522C8503B002C96FB /* bottom.png */,
				BF6BC71622C8503B002C96FB /* left.png */,
				BF6BC71722C8503B002C96FB /* top.png */,
				BF6BC71822C8503B002C96FB /* right.png */,
			);
			path = bar;
			sourceTree = "<group>";
		};
		BF6BC71922C8503B002C96FB /* overlay */ = {
			isa = PBXGroup;
			children = (
				BF6BC71A22C8503B002C96FB /* game_menu.png */,
				BF6BC71B22C8503B002C96FB /* confirm.png */,
				BF6BC71C22C8503B002C96FB /* main_menu.png */,
			);
			path = overlay;
			sourceTree = "<group>";
		};
		BF6BC71D22C8503B002C96FB /* scrollbar */ = {
			isa = PBXGroup;
			children = (
				BF6BC71E22C8503B002C96FB /* horizontal_idle_bar.png */,
				BF6BC71F22C8503B002C96FB /* horizontal_idle_thumb.png */,
				BF6BC72022C8503B002C96FB /* vertical_hover_thumb.png */,
				BF6BC72122C8503B002C96FB /* vertical_hover_bar.png */,
				BF6BC72222C8503B002C96FB /* horizontal_hover_bar.png */,
				BF6BC72322C8503B002C96FB /* vertical_idle_thumb.png */,
				BF6BC72422C8503B002C96FB /* horizontal_hover_thumb.png */,
				BF6BC72522C8503B002C96FB /* vertical_idle_bar.png */,
			);
			path = scrollbar;
			sourceTree = "<group>";
		};
		BF6BC72922C8504D002C96FB /* Ren'Py Base */ = {
			isa = PBXGroup;
			children = (
				BF6BC6DE22C8503B002C96FB /* options.rpy */,
				BF6BC6DF22C8503B002C96FB /* script.rpy */,
				BF6BC6E422C8503B002C96FB /* images */,
				BF6BC6E522C8503B002C96FB /* tl */,
				BF6BC6E922C8503B002C96FB /* screens.rpy */,
				BF6BC6EE22C8503B002C96FB /* gui */,
				BF6BC72822C8503B002C96FB /* gui.rpy */,
				BF8CEEEB22D13DB000227C2F /* splashscreen.rpy */,
			);
			name = "Ren'Py Base";
			path = game;
			sourceTree = "<group>";
		};
		BF71F2FF22E68A5F00241258 /* .github */ = {
			isa = PBXGroup;
			children = (
				BF71F30022E68A5F00241258 /* gitpod.yml */,
				BF71F30122E68A5F00241258 /* CODEOWNERS */,
			);
			path = .github;
			sourceTree = "<group>";
		};
		BF86C19022C90DD200FD10E4 /* AliceOS */ = {
			isa = PBXGroup;
			children = (
				BF86C19322C90E3500FD10E4 /* System */,
			);
			name = AliceOS;
			path = game;
			sourceTree = "<group>";
		};
		BF86C19322C90E3500FD10E4 /* System */ = {
			isa = PBXGroup;
			children = (
				BF0B0CB822CD0A71009F4F5B /* CoreServices */,
				BFF52CAF22CAC422005F37B0 /* Library */,
				BFF52C8D22C991C5005F37B0 /* Applications */,
				BF86C19422C90E3500FD10E4 /* Frameworks */,
				BF86C19A22C9117D00FD10E4 /* ASDefinitions.rpy */,
				BF86C1AB22C916BF00FD10E4 /* ASFonts.rpy */,
			);
			path = System;
			sourceTree = "<group>";
		};
		BF86C19422C90E3500FD10E4 /* Frameworks */ = {
			isa = PBXGroup;
			children = (
				BF0B0CCA22CD479C009F4F5B /* ServiceKit.aosframework */,
				BF86C1AC22C91B2300FD10E4 /* AppKit.aosframework */,
				BF86C19522C90E3500FD10E4 /* NotificationKit.aosframework */,
			);
			path = Frameworks;
			sourceTree = "<group>";
		};
		BF86C19522C90E3500FD10E4 /* NotificationKit.aosframework */ = {
			isa = PBXGroup;
			children = (
				BF86C19722C9108F00FD10E4 /* Resources */,
				BF86C19622C90EDA00FD10E4 /* ASNotificationBanner.rpy */,
				BF86C19922C9110900FD10E4 /* ASNotificationStyles.rpy */,
				BF0B0CE022CD6FF0009F4F5B /* ASNotificationAlert.rpy */,
				BF0B0CE422CD717A009F4F5B /* ASNotificationExtendedAlert.rpy */,
			);
			path = NotificationKit.aosframework;
			sourceTree = "<group>";
		};
		BF86C19722C9108F00FD10E4 /* Resources */ = {
			isa = PBXGroup;
			children = (
				BF86C19822C910F100FD10E4 /* bannerBackground.png */,
			);
			path = Resources;
			sourceTree = "<group>";
		};
		BF86C1AC22C91B2300FD10E4 /* AppKit.aosframework */ = {
			isa = PBXGroup;
			children = (
				BFF52C8B22C97931005F37B0 /* Resources */,
				BF86C1AD22C91B5A00FD10E4 /* ASAppRepresentative.rpy */,
				BFF52C8A22C97062005F37B0 /* ASPermissionRequest.rpy */,
				BFF52C8C22C97C1F005F37B0 /* ASPermissionRequestStyles.rpy */,
			);
			path = AppKit.aosframework;
			sourceTree = "<group>";
		};
		BFF52C8B22C97931005F37B0 /* Resources */ = {
			isa = PBXGroup;
			children = (
			);
			path = Resources;
			sourceTree = "<group>";
		};
		BFF52C8D22C991C5005F37B0 /* Applications */ = {
			isa = PBXGroup;
			children = (
				BFF52C8E22C992F9005F37B0 /* Messages.aosapp */,
			);
			path = Applications;
			sourceTree = "<group>";
		};
		BFF52C8E22C992F9005F37B0 /* Messages.aosapp */ = {
			isa = PBXGroup;
			children = (
				BFF52C9022C99474005F37B0 /* Resources */,
				BFF52C8F22C9931A005F37B0 /* Messages.rpy */,
			);
			path = Messages.aosapp;
			sourceTree = "<group>";
		};
		BFF52C9022C99474005F37B0 /* Resources */ = {
			isa = PBXGroup;
			children = (
				BFF52C9122C9947B005F37B0 /* Iconset */,
			);
			path = Resources;
			sourceTree = "<group>";
		};
		BFF52C9122C9947B005F37B0 /* Iconset */ = {
			isa = PBXGroup;
			children = (
				BFF52C9722C99584005F37B0 /* 16.png */,
				BFF52C9522C99584005F37B0 /* 24.png */,
				BFF52C9622C99584005F37B0 /* 32.png */,
				BFF52C9422C99584005F37B0 /* 48.png */,
				BFF52C9322C99584005F37B0 /* 64.png */,
				BFF52C9222C99584005F37B0 /* 128.png */,
				BFF52C9822C99584005F37B0 /* 256.png */,
			);
			path = Iconset;
			sourceTree = "<group>";
		};
		BFF52C9B22CA6AE0005F37B0 /* travis */ = {
			isa = PBXGroup;
			children = (
				BFF52C9C22CA6AE0005F37B0 /* setup.sh */,
				BFF52C9D22CA6AE0005F37B0 /* inject_version.sh */,
				BFF52CCB22CAD52F005F37B0 /* inject_rp6.sh */,
				BF0B0CF822CE29B4009F4F5B /* install.sh */,
			);
			path = travis;
			sourceTree = "<group>";
		};
		BFF52C9F22CA77B3005F37B0 /* mkdocs */ = {
			isa = PBXGroup;
			children = (
				BF12A22B22E683D700E59EA9 /* AliceOS-Release-Notes */,
				BFF52CCC22CAE737005F37B0 /* images */,
				BFF52CA822CA85BD005F37B0 /* AppKit */,
				BFF52CA722CA85B5005F37B0 /* NotificationKit */,
				BFF52CA622CA8324005F37B0 /* System */,
				BFF52CA022CA77B3005F37B0 /* index.md */,
				BFF52CA422CA7E35005F37B0 /* 01-install.md */,
			);
			path = mkdocs;
			sourceTree = "<group>";
		};
		BFF52CA222CA77BB005F37B0 /* Documentation */ = {
			isa = PBXGroup;
			children = (
				BFF52C9F22CA77B3005F37B0 /* mkdocs */,
				BFF52CA122CA77B3005F37B0 /* mkdocs.yml */,
			);
			name = Documentation;
			sourceTree = "<group>";
		};
		BFF52CA322CA77C5005F37B0 /* Travis CI */ = {
			isa = PBXGroup;
			children = (
				BFF52C9E22CA6AEB005F37B0 /* .travis.yml */,
				BFF52C9B22CA6AE0005F37B0 /* travis */,
			);
			name = "Travis CI";
			sourceTree = "<group>";
		};
		BFF52CA622CA8324005F37B0 /* System */ = {
			isa = PBXGroup;
			children = (
				BFF52CA522CA82FD005F37B0 /* 01-definitions.md */,
				BFF52CCA22CAC9CB005F37B0 /* 02-default-apps.md */,
				BF0B0CBD22CD10F2009F4F5B /* 03-core-services.md */,
				BF0B0CDF22CD65A8009F4F5B /* 04-critical-errors.md */,
				BF0B0CED22CD812F009F4F5B /* 05-bootloader.md */,
				BF0B0D0322CEB1A9009F4F5B /* 06-setup-assistant.md */,
			);
			path = System;
			sourceTree = "<group>";
		};
		BFF52CA722CA85B5005F37B0 /* NotificationKit */ = {
			isa = PBXGroup;
			children = (
				BFF52CA922CA85CD005F37B0 /* 01-banner.md */,
				BFF52CAA22CA85F8005F37B0 /* index.md */,
				BF0B0CE522CD7897009F4F5B /* 02-alerts.md */,
			);
			path = NotificationKit;
			sourceTree = "<group>";
		};
		BFF52CA822CA85BD005F37B0 /* AppKit */ = {
			isa = PBXGroup;
			children = (
				BFF52CAB22CA9A0F005F37B0 /* index.md */,
				BFF52CAC22CA9B4F005F37B0 /* 02-sending-notifications.md */,
				BFF52CAD22CAAD73005F37B0 /* 01-manifest.md */,
				BFF52CC922CAC614005F37B0 /* 10-ASAppRepresentative.md */,
			);
			path = AppKit;
			sourceTree = "<group>";
		};
		BFF52CAF22CAC422005F37B0 /* Library */ = {
			isa = PBXGroup;
			children = (
				BF0B0CD822CD5025009F4F5B /* Effects */,
				BFF52CB022CAC422005F37B0 /* Desktop Pictures */,
				BFF52CB222CAC422005F37B0 /* Fonts */,
			);
			path = Library;
			sourceTree = "<group>";
		};
		BFF52CB022CAC422005F37B0 /* Desktop Pictures */ = {
			isa = PBXGroup;
			children = (
				BFF52CB122CAC422005F37B0 /* Chuttersnap.png */,
			);
			path = "Desktop Pictures";
			sourceTree = "<group>";
		};
		BFF52CB222CAC422005F37B0 /* Fonts */ = {
			isa = PBXGroup;
			children = (
				BFF52CB322CAC422005F37B0 /* Italic.ttf */,
				BFF52CB422CAC422005F37B0 /* Medium.ttf */,
				BFF52CB522CAC422005F37B0 /* Black.ttf */,
				BFF52CB622CAC422005F37B0 /* Bold.ttf */,
				BFF52CB722CAC422005F37B0 /* Regular.ttf */,
				BFF52CB822CAC422005F37B0 /* Thin.ttf */,
				BFF52CB922CAC422005F37B0 /* Deprecated */,
			);
			path = Fonts;
			sourceTree = "<group>";
		};
		BFF52CB922CAC422005F37B0 /* Deprecated */ = {
			isa = PBXGroup;
			children = (
				BFF52CBA22CAC422005F37B0 /* LightItalic.ttf */,
				BFF52CBB22CAC422005F37B0 /* BlackItalic.ttf */,
				BFF52CBC22CAC422005F37B0 /* Light.ttf */,
				BFF52CBD22CAC422005F37B0 /* Italic.ttf */,
				BFF52CBE22CAC422005F37B0 /* MediumItalic.ttf */,
				BFF52CBF22CAC422005F37B0 /* BoldItalic.ttf */,
				BFF52CC022CAC422005F37B0 /* ThinItalic.ttf */,
				BFF52CC122CAC422005F37B0 /* ExtraBoldItalic.ttf */,
				BFF52CC222CAC422005F37B0 /* Medium.ttf */,
				BFF52CC322CAC422005F37B0 /* OFL.txt */,
				BFF52CC422CAC422005F37B0 /* Black.ttf */,
				BFF52CC522CAC422005F37B0 /* ExtraBold.ttf */,
				BFF52CC622CAC422005F37B0 /* Bold.ttf */,
				BFF52CC722CAC422005F37B0 /* Regular.ttf */,
				BFF52CC822CAC422005F37B0 /* Thin.ttf */,
			);
			path = Deprecated;
			sourceTree = "<group>";
		};
		BFF52CCC22CAE737005F37B0 /* images */ = {
			isa = PBXGroup;
			children = (
				BF76CAC622CC455D00A43F5C /* hero.jpg */,
				BFF52CCD22CAE737005F37B0 /* favicon.ico */,
				BFF52CCF22CAE737005F37B0 /* logomark.svg */,
				BFF52CD022CAE737005F37B0 /* system */,
				BFF52CD322CAE737005F37B0 /* nk */,
				BFF52CD622CAE737005F37B0 /* apps */,
			);
			path = images;
			sourceTree = "<group>";
		};
		BFF52CD022CAE737005F37B0 /* system */ = {
			isa = PBXGroup;
			children = (
				BFF52CD122CAE737005F37B0 /* defapps */,
			);
			path = system;
			sourceTree = "<group>";
		};
		BFF52CD122CAE737005F37B0 /* defapps */ = {
			isa = PBXGroup;
			children = (
				BFF52CD222CAE737005F37B0 /* messages.png */,
			);
			path = defapps;
			sourceTree = "<group>";
		};
		BFF52CD322CAE737005F37B0 /* nk */ = {
			isa = PBXGroup;
			children = (
				BFF52CD422CAE737005F37B0 /* banner.png */,
				BFF52CD522CAE737005F37B0 /* alerts.png */,
			);
			path = nk;
			sourceTree = "<group>";
		};
		BFF52CD622CAE737005F37B0 /* apps */ = {
			isa = PBXGroup;
			children = (
				BFF52CD722CAE737005F37B0 /* apps-sn-hero.png */,
			);
			path = apps;
			sourceTree = "<group>";
		};
/* End PBXGroup section */

/* Begin PBXLegacyTarget section */
		BF48420822C84EBE00850E05 /* AliceOS */ = {
			isa = PBXLegacyTarget;
			buildArgumentsString = "$(BUILD_ACTION)";
			buildConfigurationList = BF48420B22C84EBE00850E05 /* Build configuration list for PBXLegacyTarget "AliceOS" */;
			buildPhases = (
			);
			buildToolPath = "/Users/marquiskurt/Applications/renpy-6.99.12.4-sdk/renpy.sh";
			buildWorkingDirectory = "";
			dependencies = (
			);
			name = AliceOS;
			passBuildSettingsInEnvironment = 1;
			productName = AliceOS;
		};
/* End PBXLegacyTarget section */

/* Begin PBXProject section */
		BF48420422C84EBE00850E05 /* Project object */ = {
			isa = PBXProject;
			attributes = {
				LastUpgradeCheck = 1100;
				ORGANIZATIONNAME = ProjectAliceDev;
				TargetAttributes = {
					BF48420822C84EBE00850E05 = {
						CreatedOnToolsVersion = 11.0;
					};
				};
			};
			buildConfigurationList = BF48420722C84EBE00850E05 /* Build configuration list for PBXProject "AliceOS" */;
			compatibilityVersion = "Xcode 9.3";
			developmentRegion = en;
			hasScannedForEncodings = 0;
			knownRegions = (
				en,
				Base,
			);
			mainGroup = BF48420322C84EBE00850E05;
			projectDirPath = "";
			projectRoot = "";
			targets = (
				BF48420822C84EBE00850E05 /* AliceOS */,
			);
		};
/* End PBXProject section */

/* Begin XCBuildConfiguration section */
		BF48420922C84EBE00850E05 /* Debug */ = {
			isa = XCBuildConfiguration;
			baseConfigurationReference = BF6BC6DB22C84F03002C96FB /* Config.xcconfig */;
			buildSettings = {
				ALWAYS_SEARCH_USER_PATHS = NO;
				CLANG_ANALYZER_NONNULL = YES;
				CLANG_ANALYZER_NUMBER_OBJECT_CONVERSION = YES_AGGRESSIVE;
				CLANG_CXX_LANGUAGE_STANDARD = "gnu++14";
				CLANG_CXX_LIBRARY = "libc++";
				CLANG_ENABLE_MODULES = YES;
				CLANG_ENABLE_OBJC_ARC = YES;
				CLANG_ENABLE_OBJC_WEAK = YES;
				CLANG_WARN_BLOCK_CAPTURE_AUTORELEASING = YES;
				CLANG_WARN_BOOL_CONVERSION = YES;
				CLANG_WARN_COMMA = YES;
				CLANG_WARN_CONSTANT_CONVERSION = YES;
				CLANG_WARN_DEPRECATED_OBJC_IMPLEMENTATIONS = YES;
				CLANG_WARN_DIRECT_OBJC_ISA_USAGE = YES_ERROR;
				CLANG_WARN_DOCUMENTATION_COMMENTS = YES;
				CLANG_WARN_EMPTY_BODY = YES;
				CLANG_WARN_ENUM_CONVERSION = YES;
				CLANG_WARN_INFINITE_RECURSION = YES;
				CLANG_WARN_INT_CONVERSION = YES;
				CLANG_WARN_NON_LITERAL_NULL_CONVERSION = YES;
				CLANG_WARN_OBJC_IMPLICIT_RETAIN_SELF = YES;
				CLANG_WARN_OBJC_LITERAL_CONVERSION = YES;
				CLANG_WARN_OBJC_ROOT_CLASS = YES_ERROR;
				CLANG_WARN_RANGE_LOOP_ANALYSIS = YES;
				CLANG_WARN_STRICT_PROTOTYPES = YES;
				CLANG_WARN_SUSPICIOUS_MOVE = YES;
				CLANG_WARN_UNGUARDED_AVAILABILITY = YES_AGGRESSIVE;
				CLANG_WARN_UNREACHABLE_CODE = YES;
				CLANG_WARN__DUPLICATE_METHOD_MATCH = YES;
				COPY_PHASE_STRIP = NO;
				DEBUG_INFORMATION_FORMAT = dwarf;
				ENABLE_STRICT_OBJC_MSGSEND = YES;
				ENABLE_TESTABILITY = YES;
				GCC_C_LANGUAGE_STANDARD = gnu11;
				GCC_DYNAMIC_NO_PIC = NO;
				GCC_NO_COMMON_BLOCKS = YES;
				GCC_OPTIMIZATION_LEVEL = 0;
				GCC_PREPROCESSOR_DEFINITIONS = (
					"DEBUG=1",
					"$(inherited)",
				);
				GCC_WARN_64_TO_32_BIT_CONVERSION = YES;
				GCC_WARN_ABOUT_RETURN_TYPE = YES_ERROR;
				GCC_WARN_UNDECLARED_SELECTOR = YES;
				GCC_WARN_UNINITIALIZED_AUTOS = YES_AGGRESSIVE;
				GCC_WARN_UNUSED_FUNCTION = YES;
				GCC_WARN_UNUSED_VARIABLE = YES;
				MTL_ENABLE_DEBUG_INFO = INCLUDE_SOURCE;
				MTL_FAST_MATH = YES;
				ONLY_ACTIVE_ARCH = YES;
			};
			name = Debug;
		};
		BF48420A22C84EBE00850E05 /* Release */ = {
			isa = XCBuildConfiguration;
			baseConfigurationReference = BF6BC6DB22C84F03002C96FB /* Config.xcconfig */;
			buildSettings = {
				ALWAYS_SEARCH_USER_PATHS = NO;
				CLANG_ANALYZER_NONNULL = YES;
				CLANG_ANALYZER_NUMBER_OBJECT_CONVERSION = YES_AGGRESSIVE;
				CLANG_CXX_LANGUAGE_STANDARD = "gnu++14";
				CLANG_CXX_LIBRARY = "libc++";
				CLANG_ENABLE_MODULES = YES;
				CLANG_ENABLE_OBJC_ARC = YES;
				CLANG_ENABLE_OBJC_WEAK = YES;
				CLANG_WARN_BLOCK_CAPTURE_AUTORELEASING = YES;
				CLANG_WARN_BOOL_CONVERSION = YES;
				CLANG_WARN_COMMA = YES;
				CLANG_WARN_CONSTANT_CONVERSION = YES;
				CLANG_WARN_DEPRECATED_OBJC_IMPLEMENTATIONS = YES;
				CLANG_WARN_DIRECT_OBJC_ISA_USAGE = YES_ERROR;
				CLANG_WARN_DOCUMENTATION_COMMENTS = YES;
				CLANG_WARN_EMPTY_BODY = YES;
				CLANG_WARN_ENUM_CONVERSION = YES;
				CLANG_WARN_INFINITE_RECURSION = YES;
				CLANG_WARN_INT_CONVERSION = YES;
				CLANG_WARN_NON_LITERAL_NULL_CONVERSION = YES;
				CLANG_WARN_OBJC_IMPLICIT_RETAIN_SELF = YES;
				CLANG_WARN_OBJC_LITERAL_CONVERSION = YES;
				CLANG_WARN_OBJC_ROOT_CLASS = YES_ERROR;
				CLANG_WARN_RANGE_LOOP_ANALYSIS = YES;
				CLANG_WARN_STRICT_PROTOTYPES = YES;
				CLANG_WARN_SUSPICIOUS_MOVE = YES;
				CLANG_WARN_UNGUARDED_AVAILABILITY = YES_AGGRESSIVE;
				CLANG_WARN_UNREACHABLE_CODE = YES;
				CLANG_WARN__DUPLICATE_METHOD_MATCH = YES;
				COPY_PHASE_STRIP = NO;
				DEBUG_INFORMATION_FORMAT = "dwarf-with-dsym";
				ENABLE_NS_ASSERTIONS = NO;
				ENABLE_STRICT_OBJC_MSGSEND = YES;
				GCC_C_LANGUAGE_STANDARD = gnu11;
				GCC_NO_COMMON_BLOCKS = YES;
				GCC_WARN_64_TO_32_BIT_CONVERSION = YES;
				GCC_WARN_ABOUT_RETURN_TYPE = YES_ERROR;
				GCC_WARN_UNDECLARED_SELECTOR = YES;
				GCC_WARN_UNINITIALIZED_AUTOS = YES_AGGRESSIVE;
				GCC_WARN_UNUSED_FUNCTION = YES;
				GCC_WARN_UNUSED_VARIABLE = YES;
				MTL_ENABLE_DEBUG_INFO = NO;
				MTL_FAST_MATH = YES;
			};
			name = Release;
		};
		BF48420C22C84EBE00850E05 /* Debug */ = {
			isa = XCBuildConfiguration;
			baseConfigurationReference = BF6BC6DB22C84F03002C96FB /* Config.xcconfig */;
			buildSettings = {
				CODE_SIGN_STYLE = Automatic;
				DEBUGGING_SYMBOLS = YES;
				DEBUG_INFORMATION_FORMAT = dwarf;
				GCC_GENERATE_DEBUGGING_SYMBOLS = YES;
				GCC_OPTIMIZATION_LEVEL = 0;
				OTHER_CFLAGS = "";
				OTHER_LDFLAGS = "";
				PRODUCT_NAME = "$(TARGET_NAME)";
			};
			name = Debug;
		};
		BF48420D22C84EBE00850E05 /* Release */ = {
			isa = XCBuildConfiguration;
			baseConfigurationReference = BF6BC6DB22C84F03002C96FB /* Config.xcconfig */;
			buildSettings = {
				CODE_SIGN_STYLE = Automatic;
				DEBUG_INFORMATION_FORMAT = "dwarf-with-dsym";
				OTHER_CFLAGS = "";
				OTHER_LDFLAGS = "";
				PRODUCT_NAME = "$(TARGET_NAME)";
			};
			name = Release;
		};
/* End XCBuildConfiguration section */

/* Begin XCConfigurationList section */
		BF48420722C84EBE00850E05 /* Build configuration list for PBXProject "AliceOS" */ = {
			isa = XCConfigurationList;
			buildConfigurations = (
				BF48420922C84EBE00850E05 /* Debug */,
				BF48420A22C84EBE00850E05 /* Release */,
			);
			defaultConfigurationIsVisible = 0;
			defaultConfigurationName = Release;
		};
		BF48420B22C84EBE00850E05 /* Build configuration list for PBXLegacyTarget "AliceOS" */ = {
			isa = XCConfigurationList;
			buildConfigurations = (
				BF48420C22C84EBE00850E05 /* Debug */,
				BF48420D22C84EBE00850E05 /* Release */,
			);
			defaultConfigurationIsVisible = 0;
			defaultConfigurationName = Release;
		};
/* End XCConfigurationList section */
	};
	rootObject = BF48420422C84EBE00850E05 /* Project object */;
}
